// !$*UTF8*$!
{
	archiveVersion = 1;
	classes = {
	};
	objectVersion = 46;
	objects = {

/* Begin PBXBuildFile section */
		021DA5B31B0FD53E0030815A /* BONearmeTableViewCell.swift in Sources */ = {isa = PBXBuildFile; fileRef = 021DA5B21B0FD53E0030815A /* BONearmeTableViewCell.swift */; };
		021DA5B51B0FD5B00030815A /* BODealsTableViewCell.swift in Sources */ = {isa = PBXBuildFile; fileRef = 021DA5B41B0FD5B00030815A /* BODealsTableViewCell.swift */; };
		021DA5B81B1164810030815A /* brands.xcassets in Resources */ = {isa = PBXBuildFile; fileRef = 021DA5B71B1164810030815A /* brands.xcassets */; };
		0232F57C1B016EA4009274BA /* ResponseParser.swift in Sources */ = {isa = PBXBuildFile; fileRef = 0232F57B1B016EA4009274BA /* ResponseParser.swift */; };
		02577EB11AFAC97400F3521B /* BOBrandTableViewCell.swift in Sources */ = {isa = PBXBuildFile; fileRef = 02577EB01AFAC97400F3521B /* BOBrandTableViewCell.swift */; };
		02577EB41AFAD06F00F3521B /* BOStoresTableViewCell.swift in Sources */ = {isa = PBXBuildFile; fileRef = 02577EB31AFAD06F00F3521B /* BOStoresTableViewCell.swift */; };
		02577EB61AFAF81700F3521B /* StoreViewController.swift in Sources */ = {isa = PBXBuildFile; fileRef = 02577EB51AFAF81700F3521B /* StoreViewController.swift */; };
		02662BF21B02FF1B00093D7D /* Stores.json in Resources */ = {isa = PBXBuildFile; fileRef = 02662BF11B02FF1B00093D7D /* Stores.json */; };
		02662BF41B03004F00093D7D /* Store.swift in Sources */ = {isa = PBXBuildFile; fileRef = 02662BF31B03004F00093D7D /* Store.swift */; };
		02A3B2931B1A36E900B99AAA /* BOHttpfetcher.swift in Sources */ = {isa = PBXBuildFile; fileRef = 02A3B2921B1A36E900B99AAA /* BOHttpfetcher.swift */; };
		02AA9A091AFD67120090A88B /* Brand.swift in Sources */ = {isa = PBXBuildFile; fileRef = 02AA9A081AFD67120090A88B /* Brand.swift */; };
		02C9BD001B042AF6000C6FA6 /* DataManager.swift in Sources */ = {isa = PBXBuildFile; fileRef = 02C9BCFF1B042AF6000C6FA6 /* DataManager.swift */; };
		02C9BD011B042CF7000C6FA6 /* Brands.json in Resources */ = {isa = PBXBuildFile; fileRef = 02577EB91AFC5BB700F3521B /* Brands.json */; };
		02C9BD0A1B054C09000C6FA6 /* NearMeViewController.swift in Sources */ = {isa = PBXBuildFile; fileRef = 02C9BD091B054C09000C6FA6 /* NearMeViewController.swift */; };
		02C9BD0C1B054C3D000C6FA6 /* DealsViewController.swift in Sources */ = {isa = PBXBuildFile; fileRef = 02C9BD0B1B054C3D000C6FA6 /* DealsViewController.swift */; };
		02C9BD0E1B054C56000C6FA6 /* RegisterViewController.swift in Sources */ = {isa = PBXBuildFile; fileRef = 02C9BD0D1B054C56000C6FA6 /* RegisterViewController.swift */; };
		02D4ADF31B0D3717006ED90F /* Icons.xcassets in Resources */ = {isa = PBXBuildFile; fileRef = 02D4ADF21B0D3717006ED90F /* Icons.xcassets */; };
		02E442021B0E9AD40097D2E6 /* Button Background.xcassets in Resources */ = {isa = PBXBuildFile; fileRef = 02E442011B0E9AD40097D2E6 /* Button Background.xcassets */; };
		02E442041B0F5FFA0097D2E6 /* Deals.json in Resources */ = {isa = PBXBuildFile; fileRef = 02E442031B0F5FFA0097D2E6 /* Deals.json */; };
		02E442061B0F62150097D2E6 /* NearStores.json in Resources */ = {isa = PBXBuildFile; fileRef = 02E442051B0F62150097D2E6 /* NearStores.json */; };
		02FB4DDA1AF7A47900884750 /* AppDelegate.swift in Sources */ = {isa = PBXBuildFile; fileRef = 02FB4DD91AF7A47900884750 /* AppDelegate.swift */; };
		02FB4DDD1AF7A47900884750 /* BuyOriginal.xcdatamodeld in Sources */ = {isa = PBXBuildFile; fileRef = 02FB4DDB1AF7A47900884750 /* BuyOriginal.xcdatamodeld */; };
		02FB4DDF1AF7A47900884750 /* BrandViewController.swift in Sources */ = {isa = PBXBuildFile; fileRef = 02FB4DDE1AF7A47900884750 /* BrandViewController.swift */; };
		02FB4DE21AF7A47900884750 /* Main.storyboard in Resources */ = {isa = PBXBuildFile; fileRef = 02FB4DE01AF7A47900884750 /* Main.storyboard */; };
		02FB4DE41AF7A47900884750 /* Images.xcassets in Resources */ = {isa = PBXBuildFile; fileRef = 02FB4DE31AF7A47900884750 /* Images.xcassets */; };
		02FB4DE71AF7A47900884750 /* LaunchScreen.xib in Resources */ = {isa = PBXBuildFile; fileRef = 02FB4DE51AF7A47900884750 /* LaunchScreen.xib */; };
		02FB4DF31AF7A47900884750 /* BuyOriginalTests.swift in Sources */ = {isa = PBXBuildFile; fileRef = 02FB4DF21AF7A47900884750 /* BuyOriginalTests.swift */; };
/* End PBXBuildFile section */

/* Begin PBXContainerItemProxy section */
		02FB4DED1AF7A47900884750 /* PBXContainerItemProxy */ = {
			isa = PBXContainerItemProxy;
			containerPortal = 02FB4DCC1AF7A47900884750 /* Project object */;
			proxyType = 1;
			remoteGlobalIDString = 02FB4DD31AF7A47900884750;
			remoteInfo = BuyOriginal;
		};
/* End PBXContainerItemProxy section */

/* Begin PBXFileReference section */
		021DA5B21B0FD53E0030815A /* BONearmeTableViewCell.swift */ = {isa = PBXFileReference; fileEncoding = 4; lastKnownFileType = sourcecode.swift; path = BONearmeTableViewCell.swift; sourceTree = "<group>"; };
		021DA5B41B0FD5B00030815A /* BODealsTableViewCell.swift */ = {isa = PBXFileReference; fileEncoding = 4; lastKnownFileType = sourcecode.swift; path = BODealsTableViewCell.swift; sourceTree = "<group>"; };
		021DA5B71B1164810030815A /* brands.xcassets */ = {isa = PBXFileReference; lastKnownFileType = folder.assetcatalog; path = brands.xcassets; sourceTree = "<group>"; };
		0232F57B1B016EA4009274BA /* ResponseParser.swift */ = {isa = PBXFileReference; fileEncoding = 4; lastKnownFileType = sourcecode.swift; path = ResponseParser.swift; sourceTree = "<group>"; };
		02577EB01AFAC97400F3521B /* BOBrandTableViewCell.swift */ = {isa = PBXFileReference; fileEncoding = 4; lastKnownFileType = sourcecode.swift; path = BOBrandTableViewCell.swift; sourceTree = "<group>"; };
		02577EB31AFAD06F00F3521B /* BOStoresTableViewCell.swift */ = {isa = PBXFileReference; fileEncoding = 4; lastKnownFileType = sourcecode.swift; path = BOStoresTableViewCell.swift; sourceTree = "<group>"; };
		02577EB51AFAF81700F3521B /* StoreViewController.swift */ = {isa = PBXFileReference; fileEncoding = 4; lastKnownFileType = sourcecode.swift; path = StoreViewController.swift; sourceTree = "<group>"; };
		02577EB91AFC5BB700F3521B /* Brands.json */ = {isa = PBXFileReference; fileEncoding = 4; lastKnownFileType = text.json; path = Brands.json; sourceTree = "<group>"; };
		02662BF11B02FF1B00093D7D /* Stores.json */ = {isa = PBXFileReference; fileEncoding = 4; lastKnownFileType = text.json; path = Stores.json; sourceTree = "<group>"; };
		02662BF31B03004F00093D7D /* Store.swift */ = {isa = PBXFileReference; fileEncoding = 4; lastKnownFileType = sourcecode.swift; path = Store.swift; sourceTree = "<group>"; };
		02A3B2921B1A36E900B99AAA /* BOHttpfetcher.swift */ = {isa = PBXFileReference; fileEncoding = 4; lastKnownFileType = sourcecode.swift; name = BOHttpfetcher.swift; path = Network/BOHttpfetcher.swift; sourceTree = "<group>"; };
		02AA9A081AFD67120090A88B /* Brand.swift */ = {isa = PBXFileReference; fileEncoding = 4; lastKnownFileType = sourcecode.swift; name = Brand.swift; path = DataModels/Brand.swift; sourceTree = "<group>"; };
		02C9BCFF1B042AF6000C6FA6 /* DataManager.swift */ = {isa = PBXFileReference; fileEncoding = 4; lastKnownFileType = sourcecode.swift; path = DataManager.swift; sourceTree = "<group>"; };
		02C9BD091B054C09000C6FA6 /* NearMeViewController.swift */ = {isa = PBXFileReference; fileEncoding = 4; lastKnownFileType = sourcecode.swift; path = NearMeViewController.swift; sourceTree = "<group>"; };
		02C9BD0B1B054C3D000C6FA6 /* DealsViewController.swift */ = {isa = PBXFileReference; fileEncoding = 4; lastKnownFileType = sourcecode.swift; path = DealsViewController.swift; sourceTree = "<group>"; };
		02C9BD0D1B054C56000C6FA6 /* RegisterViewController.swift */ = {isa = PBXFileReference; fileEncoding = 4; lastKnownFileType = sourcecode.swift; path = RegisterViewController.swift; sourceTree = "<group>"; };
		02D4ADF21B0D3717006ED90F /* Icons.xcassets */ = {isa = PBXFileReference; lastKnownFileType = folder.assetcatalog; path = Icons.xcassets; sourceTree = "<group>"; };
		02E442011B0E9AD40097D2E6 /* Button Background.xcassets */ = {isa = PBXFileReference; lastKnownFileType = folder.assetcatalog; path = "Button Background.xcassets"; sourceTree = "<group>"; };
		02E442031B0F5FFA0097D2E6 /* Deals.json */ = {isa = PBXFileReference; fileEncoding = 4; lastKnownFileType = text.json; path = Deals.json; sourceTree = "<group>"; };
		02E442051B0F62150097D2E6 /* NearStores.json */ = {isa = PBXFileReference; fileEncoding = 4; lastKnownFileType = text.json; path = NearStores.json; sourceTree = "<group>"; };
		02FB4DD41AF7A47900884750 /* BuyOriginal.app */ = {isa = PBXFileReference; explicitFileType = wrapper.application; includeInIndex = 0; path = BuyOriginal.app; sourceTree = BUILT_PRODUCTS_DIR; };
		02FB4DD81AF7A47900884750 /* Info.plist */ = {isa = PBXFileReference; lastKnownFileType = text.plist.xml; path = Info.plist; sourceTree = "<group>"; };
		02FB4DD91AF7A47900884750 /* AppDelegate.swift */ = {isa = PBXFileReference; lastKnownFileType = sourcecode.swift; path = AppDelegate.swift; sourceTree = "<group>"; };
		02FB4DDC1AF7A47900884750 /* BuyOriginal.xcdatamodel */ = {isa = PBXFileReference; lastKnownFileType = wrapper.xcdatamodel; path = BuyOriginal.xcdatamodel; sourceTree = "<group>"; };
		02FB4DDE1AF7A47900884750 /* BrandViewController.swift */ = {isa = PBXFileReference; lastKnownFileType = sourcecode.swift; path = BrandViewController.swift; sourceTree = "<group>"; };
		02FB4DE11AF7A47900884750 /* Base */ = {isa = PBXFileReference; lastKnownFileType = file.storyboard; name = Base; path = Base.lproj/Main.storyboard; sourceTree = "<group>"; };
		02FB4DE31AF7A47900884750 /* Images.xcassets */ = {isa = PBXFileReference; lastKnownFileType = folder.assetcatalog; path = Images.xcassets; sourceTree = "<group>"; };
		02FB4DE61AF7A47900884750 /* Base */ = {isa = PBXFileReference; lastKnownFileType = file.xib; name = Base; path = Base.lproj/LaunchScreen.xib; sourceTree = "<group>"; };
		02FB4DEC1AF7A47900884750 /* BuyOriginalTests.xctest */ = {isa = PBXFileReference; explicitFileType = wrapper.cfbundle; includeInIndex = 0; path = BuyOriginalTests.xctest; sourceTree = BUILT_PRODUCTS_DIR; };
		02FB4DF11AF7A47900884750 /* Info.plist */ = {isa = PBXFileReference; lastKnownFileType = text.plist.xml; path = Info.plist; sourceTree = "<group>"; };
		02FB4DF21AF7A47900884750 /* BuyOriginalTests.swift */ = {isa = PBXFileReference; lastKnownFileType = sourcecode.swift; path = BuyOriginalTests.swift; sourceTree = "<group>"; };
/* End PBXFileReference section */

/* Begin PBXFrameworksBuildPhase section */
		02FB4DD11AF7A47900884750 /* Frameworks */ = {
			isa = PBXFrameworksBuildPhase;
			buildActionMask = 2147483647;
			files = (
			);
			runOnlyForDeploymentPostprocessing = 0;
		};
		02FB4DE91AF7A47900884750 /* Frameworks */ = {
			isa = PBXFrameworksBuildPhase;
			buildActionMask = 2147483647;
			files = (
			);
			runOnlyForDeploymentPostprocessing = 0;
		};
/* End PBXFrameworksBuildPhase section */

/* Begin PBXGroup section */
		0232F57A1B016E7B009274BA /* Parser */ = {
			isa = PBXGroup;
			children = (
				0232F57B1B016EA4009274BA /* ResponseParser.swift */,
			);
			name = Parser;
			sourceTree = "<group>";
		};
		02577EB21AFAC97C00F3521B /* Cells */ = {
			isa = PBXGroup;
			children = (
				02577EB31AFAD06F00F3521B /* BOStoresTableViewCell.swift */,
				02577EB01AFAC97400F3521B /* BOBrandTableViewCell.swift */,
				021DA5B21B0FD53E0030815A /* BONearmeTableViewCell.swift */,
				021DA5B41B0FD5B00030815A /* BODealsTableViewCell.swift */,
			);
			name = Cells;
			sourceTree = "<group>";
		};
		02577EB71AFAF82300F3521B /* ViewControllers */ = {
			isa = PBXGroup;
			children = (
				02577EB51AFAF81700F3521B /* StoreViewController.swift */,
				02FB4DDE1AF7A47900884750 /* BrandViewController.swift */,
				02C9BD091B054C09000C6FA6 /* NearMeViewController.swift */,
				02C9BD0B1B054C3D000C6FA6 /* DealsViewController.swift */,
				02C9BD0D1B054C56000C6FA6 /* RegisterViewController.swift */,
			);
			name = ViewControllers;
			sourceTree = "<group>";
		};
		02577EB81AFC5AD800F3521B /* SampleDataGenerator */ = {
			isa = PBXGroup;
			children = (
				02577EB91AFC5BB700F3521B /* Brands.json */,
				02662BF11B02FF1B00093D7D /* Stores.json */,
				02E442031B0F5FFA0097D2E6 /* Deals.json */,
				02E442051B0F62150097D2E6 /* NearStores.json */,
			);
			name = SampleDataGenerator;
			sourceTree = "<group>";
		};
		02A3B2911B1A35C300B99AAA /* Network */ = {
			isa = PBXGroup;
			children = (
				02A3B2921B1A36E900B99AAA /* BOHttpfetcher.swift */,
			);
			name = Network;
			sourceTree = "<group>";
		};
		02AA9A071AFD669D0090A88B /* DataModel */ = {
			isa = PBXGroup;
			children = (
				02AA9A081AFD67120090A88B /* Brand.swift */,
				02662BF31B03004F00093D7D /* Store.swift */,
			);
			name = DataModel;
			sourceTree = "<group>";
		};
		02FB4DCB1AF7A47900884750 = {
			isa = PBXGroup;
			children = (
				02FB4DD61AF7A47900884750 /* BuyOriginal */,
				02FB4DEF1AF7A47900884750 /* BuyOriginalTests */,
				02FB4DD51AF7A47900884750 /* Products */,
			);
			sourceTree = "<group>";
		};
		02FB4DD51AF7A47900884750 /* Products */ = {
			isa = PBXGroup;
			children = (
				02FB4DD41AF7A47900884750 /* BuyOriginal.app */,
				02FB4DEC1AF7A47900884750 /* BuyOriginalTests.xctest */,
			);
			name = Products;
			sourceTree = "<group>";
		};
		02FB4DD61AF7A47900884750 /* BuyOriginal */ = {
			isa = PBXGroup;
			children = (
				02A3B2911B1A35C300B99AAA /* Network */,
				02C9BCFF1B042AF6000C6FA6 /* DataManager.swift */,
				0232F57A1B016E7B009274BA /* Parser */,
				02577EB81AFC5AD800F3521B /* SampleDataGenerator */,
				02AA9A071AFD669D0090A88B /* DataModel */,
				02577EB71AFAF82300F3521B /* ViewControllers */,
				02577EB21AFAC97C00F3521B /* Cells */,
				02FB4DD91AF7A47900884750 /* AppDelegate.swift */,
				02FB4DE01AF7A47900884750 /* Main.storyboard */,
				02FB4DE31AF7A47900884750 /* Images.xcassets */,
				02FB4DE51AF7A47900884750 /* LaunchScreen.xib */,
				02FB4DDB1AF7A47900884750 /* BuyOriginal.xcdatamodeld */,
				02FB4DD71AF7A47900884750 /* Supporting Files */,
			);
			path = BuyOriginal;
			sourceTree = "<group>";
		};
		02FB4DD71AF7A47900884750 /* Supporting Files */ = {
			isa = PBXGroup;
			children = (
				02FB4DD81AF7A47900884750 /* Info.plist */,
				02D4ADF21B0D3717006ED90F /* Icons.xcassets */,
				02E442011B0E9AD40097D2E6 /* Button Background.xcassets */,
				021DA5B71B1164810030815A /* brands.xcassets */,
			);
			name = "Supporting Files";
			sourceTree = "<group>";
		};
		02FB4DEF1AF7A47900884750 /* BuyOriginalTests */ = {
			isa = PBXGroup;
			children = (
				02FB4DF21AF7A47900884750 /* BuyOriginalTests.swift */,
				02FB4DF01AF7A47900884750 /* Supporting Files */,
			);
			path = BuyOriginalTests;
			sourceTree = "<group>";
		};
		02FB4DF01AF7A47900884750 /* Supporting Files */ = {
			isa = PBXGroup;
			children = (
				02FB4DF11AF7A47900884750 /* Info.plist */,
			);
			name = "Supporting Files";
			sourceTree = "<group>";
		};
/* End PBXGroup section */

/* Begin PBXNativeTarget section */
		02FB4DD31AF7A47900884750 /* BuyOriginal */ = {
			isa = PBXNativeTarget;
			buildConfigurationList = 02FB4DF61AF7A47900884750 /* Build configuration list for PBXNativeTarget "BuyOriginal" */;
			buildPhases = (
				02FB4DD01AF7A47900884750 /* Sources */,
				02FB4DD11AF7A47900884750 /* Frameworks */,
				02FB4DD21AF7A47900884750 /* Resources */,
			);
			buildRules = (
			);
			dependencies = (
			);
			name = BuyOriginal;
			productName = BuyOriginal;
			productReference = 02FB4DD41AF7A47900884750 /* BuyOriginal.app */;
			productType = "com.apple.product-type.application";
		};
		02FB4DEB1AF7A47900884750 /* BuyOriginalTests */ = {
			isa = PBXNativeTarget;
			buildConfigurationList = 02FB4DF91AF7A47900884750 /* Build configuration list for PBXNativeTarget "BuyOriginalTests" */;
			buildPhases = (
				02FB4DE81AF7A47900884750 /* Sources */,
				02FB4DE91AF7A47900884750 /* Frameworks */,
				02FB4DEA1AF7A47900884750 /* Resources */,
			);
			buildRules = (
			);
			dependencies = (
				02FB4DEE1AF7A47900884750 /* PBXTargetDependency */,
			);
			name = BuyOriginalTests;
			productName = BuyOriginalTests;
			productReference = 02FB4DEC1AF7A47900884750 /* BuyOriginalTests.xctest */;
			productType = "com.apple.product-type.bundle.unit-test";
		};
/* End PBXNativeTarget section */

/* Begin PBXProject section */
		02FB4DCC1AF7A47900884750 /* Project object */ = {
			isa = PBXProject;
			attributes = {
				LastUpgradeCheck = 0620;
				ORGANIZATIONNAME = MandM;
				TargetAttributes = {
					02FB4DD31AF7A47900884750 = {
						CreatedOnToolsVersion = 6.2;
						DevelopmentTeam = Q79878SPU6;
					};
					02FB4DEB1AF7A47900884750 = {
						CreatedOnToolsVersion = 6.2;
						TestTargetID = 02FB4DD31AF7A47900884750;
					};
				};
			};
			buildConfigurationList = 02FB4DCF1AF7A47900884750 /* Build configuration list for PBXProject "BuyOriginal" */;
			compatibilityVersion = "Xcode 3.2";
			developmentRegion = English;
			hasScannedForEncodings = 0;
			knownRegions = (
				en,
				Base,
			);
			mainGroup = 02FB4DCB1AF7A47900884750;
			productRefGroup = 02FB4DD51AF7A47900884750 /* Products */;
			projectDirPath = "";
			projectRoot = "";
			targets = (
				02FB4DD31AF7A47900884750 /* BuyOriginal */,
				02FB4DEB1AF7A47900884750 /* BuyOriginalTests */,
			);
		};
/* End PBXProject section */

/* Begin PBXResourcesBuildPhase section */
		02FB4DD21AF7A47900884750 /* Resources */ = {
			isa = PBXResourcesBuildPhase;
			buildActionMask = 2147483647;
			files = (
				02FB4DE21AF7A47900884750 /* Main.storyboard in Resources */,
				021DA5B81B1164810030815A /* brands.xcassets in Resources */,
				02C9BD011B042CF7000C6FA6 /* Brands.json in Resources */,
				02E442021B0E9AD40097D2E6 /* Button Background.xcassets in Resources */,
				02E442041B0F5FFA0097D2E6 /* Deals.json in Resources */,
				02E442061B0F62150097D2E6 /* NearStores.json in Resources */,
				02FB4DE71AF7A47900884750 /* LaunchScreen.xib in Resources */,
				02FB4DE41AF7A47900884750 /* Images.xcassets in Resources */,
				02D4ADF31B0D3717006ED90F /* Icons.xcassets in Resources */,
				02662BF21B02FF1B00093D7D /* Stores.json in Resources */,
			);
			runOnlyForDeploymentPostprocessing = 0;
		};
		02FB4DEA1AF7A47900884750 /* Resources */ = {
			isa = PBXResourcesBuildPhase;
			buildActionMask = 2147483647;
			files = (
			);
			runOnlyForDeploymentPostprocessing = 0;
		};
/* End PBXResourcesBuildPhase section */

/* Begin PBXSourcesBuildPhase section */
		02FB4DD01AF7A47900884750 /* Sources */ = {
			isa = PBXSourcesBuildPhase;
			buildActionMask = 2147483647;
			files = (
				02A3B2931B1A36E900B99AAA /* BOHttpfetcher.swift in Sources */,
				02577EB11AFAC97400F3521B /* BOBrandTableViewCell.swift in Sources */,
				02C9BD001B042AF6000C6FA6 /* DataManager.swift in Sources */,
				02FB4DDF1AF7A47900884750 /* BrandViewController.swift in Sources */,
				02577EB61AFAF81700F3521B /* StoreViewController.swift in Sources */,
				02C9BD0A1B054C09000C6FA6 /* NearMeViewController.swift in Sources */,
				02662BF41B03004F00093D7D /* Store.swift in Sources */,
				021DA5B31B0FD53E0030815A /* BONearmeTableViewCell.swift in Sources */,
				0232F57C1B016EA4009274BA /* ResponseParser.swift in Sources */,
				02577EB41AFAD06F00F3521B /* BOStoresTableViewCell.swift in Sources */,
				02C9BD0C1B054C3D000C6FA6 /* DealsViewController.swift in Sources */,
				02AA9A091AFD67120090A88B /* Brand.swift in Sources */,
				02C9BD0E1B054C56000C6FA6 /* RegisterViewController.swift in Sources */,
				021DA5B51B0FD5B00030815A /* BODealsTableViewCell.swift in Sources */,
				02FB4DDA1AF7A47900884750 /* AppDelegate.swift in Sources */,
				02FB4DDD1AF7A47900884750 /* BuyOriginal.xcdatamodeld in Sources */,
			);
			runOnlyForDeploymentPostprocessing = 0;
		};
		02FB4DE81AF7A47900884750 /* Sources */ = {
			isa = PBXSourcesBuildPhase;
			buildActionMask = 2147483647;
			files = (
				02FB4DF31AF7A47900884750 /* BuyOriginalTests.swift in Sources */,
			);
			runOnlyForDeploymentPostprocessing = 0;
		};
/* End PBXSourcesBuildPhase section */

/* Begin PBXTargetDependency section */
		02FB4DEE1AF7A47900884750 /* PBXTargetDependency */ = {
			isa = PBXTargetDependency;
			target = 02FB4DD31AF7A47900884750 /* BuyOriginal */;
			targetProxy = 02FB4DED1AF7A47900884750 /* PBXContainerItemProxy */;
		};
/* End PBXTargetDependency section */

/* Begin PBXVariantGroup section */
		02FB4DE01AF7A47900884750 /* Main.storyboard */ = {
			isa = PBXVariantGroup;
			children = (
				02FB4DE11AF7A47900884750 /* Base */,
			);
			name = Main.storyboard;
			sourceTree = "<group>";
		};
		02FB4DE51AF7A47900884750 /* LaunchScreen.xib */ = {
			isa = PBXVariantGroup;
			children = (
				02FB4DE61AF7A47900884750 /* Base */,
			);
			name = LaunchScreen.xib;
			sourceTree = "<group>";
		};
/* End PBXVariantGroup section */

/* Begin XCBuildConfiguration section */
		02FB4DF41AF7A47900884750 /* Debug */ = {
			isa = XCBuildConfiguration;
			buildSettings = {
				ALWAYS_SEARCH_USER_PATHS = NO;
				CLANG_CXX_LANGUAGE_STANDARD = "gnu++0x";
				CLANG_CXX_LIBRARY = "libc++";
				CLANG_ENABLE_MODULES = YES;
				CLANG_ENABLE_OBJC_ARC = YES;
				CLANG_WARN_BOOL_CONVERSION = YES;
				CLANG_WARN_CONSTANT_CONVERSION = YES;
				CLANG_WARN_DIRECT_OBJC_ISA_USAGE = YES_ERROR;
				CLANG_WARN_EMPTY_BODY = YES;
				CLANG_WARN_ENUM_CONVERSION = YES;
				CLANG_WARN_INT_CONVERSION = YES;
				CLANG_WARN_OBJC_ROOT_CLASS = YES_ERROR;
				CLANG_WARN_UNREACHABLE_CODE = YES;
				CLANG_WARN__DUPLICATE_METHOD_MATCH = YES;
				"CODE_SIGN_IDENTITY[sdk=iphoneos*]" = "iPhone Developer";
				COPY_PHASE_STRIP = NO;
				ENABLE_STRICT_OBJC_MSGSEND = YES;
				GCC_C_LANGUAGE_STANDARD = gnu99;
				GCC_DYNAMIC_NO_PIC = NO;
				GCC_OPTIMIZATION_LEVEL = 0;
				GCC_PREPROCESSOR_DEFINITIONS = (
					"DEBUG=1",
					"$(inherited)",
				);
				GCC_SYMBOLS_PRIVATE_EXTERN = NO;
				GCC_WARN_64_TO_32_BIT_CONVERSION = YES;
				GCC_WARN_ABOUT_RETURN_TYPE = YES_ERROR;
				GCC_WARN_UNDECLARED_SELECTOR = YES;
				GCC_WARN_UNINITIALIZED_AUTOS = YES_AGGRESSIVE;
				GCC_WARN_UNUSED_FUNCTION = YES;
				GCC_WARN_UNUSED_VARIABLE = YES;
				IPHONEOS_DEPLOYMENT_TARGET = 7.0;
				MTL_ENABLE_DEBUG_INFO = YES;
				ONLY_ACTIVE_ARCH = YES;
				SDKROOT = iphoneos;
				SWIFT_OPTIMIZATION_LEVEL = "-Onone";
				TARGETED_DEVICE_FAMILY = "1,2";
			};
			name = Debug;
		};
		02FB4DF51AF7A47900884750 /* Release */ = {
			isa = XCBuildConfiguration;
			buildSettings = {
				ALWAYS_SEARCH_USER_PATHS = NO;
				CLANG_CXX_LANGUAGE_STANDARD = "gnu++0x";
				CLANG_CXX_LIBRARY = "libc++";
				CLANG_ENABLE_MODULES = YES;
				CLANG_ENABLE_OBJC_ARC = YES;
				CLANG_WARN_BOOL_CONVERSION = YES;
				CLANG_WARN_CONSTANT_CONVERSION = YES;
				CLANG_WARN_DIRECT_OBJC_ISA_USAGE = YES_ERROR;
				CLANG_WARN_EMPTY_BODY = YES;
				CLANG_WARN_ENUM_CONVERSION = YES;
				CLANG_WARN_INT_CONVERSION = YES;
				CLANG_WARN_OBJC_ROOT_CLASS = YES_ERROR;
				CLANG_WARN_UNREACHABLE_CODE = YES;
				CLANG_WARN__DUPLICATE_METHOD_MATCH = YES;
				"CODE_SIGN_IDENTITY[sdk=iphoneos*]" = "iPhone Developer";
				COPY_PHASE_STRIP = NO;
				ENABLE_NS_ASSERTIONS = NO;
				ENABLE_STRICT_OBJC_MSGSEND = YES;
				GCC_C_LANGUAGE_STANDARD = gnu99;
				GCC_WARN_64_TO_32_BIT_CONVERSION = YES;
				GCC_WARN_ABOUT_RETURN_TYPE = YES_ERROR;
				GCC_WARN_UNDECLARED_SELECTOR = YES;
				GCC_WARN_UNINITIALIZED_AUTOS = YES_AGGRESSIVE;
				GCC_WARN_UNUSED_FUNCTION = YES;
				GCC_WARN_UNUSED_VARIABLE = YES;
				IPHONEOS_DEPLOYMENT_TARGET = 7.0;
				MTL_ENABLE_DEBUG_INFO = NO;
				SDKROOT = iphoneos;
				TARGETED_DEVICE_FAMILY = "1,2";
				VALIDATE_PRODUCT = YES;
			};
			name = Release;
		};
		02FB4DF71AF7A47900884750 /* Debug */ = {
			isa = XCBuildConfiguration;
			buildSettings = {
				ASSETCATALOG_COMPILER_APPICON_NAME = AppIcon;
				ASSETCATALOG_COMPILER_LAUNCHIMAGE_NAME = LaunchImage;
				CODE_SIGN_IDENTITY = "iPhone Developer";
				INFOPLIST_FILE = BuyOriginal/Info.plist;
				IPHONEOS_DEPLOYMENT_TARGET = 7.0;
				LD_RUNPATH_SEARCH_PATHS = "$(inherited) @executable_path/Frameworks";
				PRODUCT_NAME = "$(TARGET_NAME)";
				PROVISIONING_PROFILE = "ebd52df5-0bc9-489c-8d4c-6ed8bf03942a";
			};
			name = Debug;
		};
		02FB4DF81AF7A47900884750 /* Release */ = {
			isa = XCBuildConfiguration;
			buildSettings = {
				ASSETCATALOG_COMPILER_APPICON_NAME = AppIcon;
				ASSETCATALOG_COMPILER_LAUNCHIMAGE_NAME = LaunchImage;
				CODE_SIGN_IDENTITY = "iPhone Developer";
				INFOPLIST_FILE = BuyOriginal/Info.plist;
				IPHONEOS_DEPLOYMENT_TARGET = 7.0;
				LD_RUNPATH_SEARCH_PATHS = "$(inherited) @executable_path/Frameworks";
				PRODUCT_NAME = "$(TARGET_NAME)";
				PROVISIONING_PROFILE = "2786b1b7-4b84-427b-a195-2d3bc2307558";
			};
			name = Release;
		};
		02FB4DFA1AF7A47900884750 /* Debug */ = {
			isa = XCBuildConfiguration;
			buildSettings = {
				BUNDLE_LOADER = "$(TEST_HOST)";
				FRAMEWORK_SEARCH_PATHS = (
					"$(SDKROOT)/Developer/Library/Frameworks",
					"$(inherited)",
				);
				GCC_PREPROCESSOR_DEFINITIONS = (
					"DEBUG=1",
					"$(inherited)",
				);
				INFOPLIST_FILE = BuyOriginalTests/Info.plist;
				LD_RUNPATH_SEARCH_PATHS = "$(inherited) @executable_path/Frameworks @loader_path/Frameworks";
				PRODUCT_NAME = "$(TARGET_NAME)";
				TEST_HOST = "$(BUILT_PRODUCTS_DIR)/BuyOriginal.app/BuyOriginal";
			};
			name = Debug;
		};
		02FB4DFB1AF7A47900884750 /* Release */ = {
			isa = XCBuildConfiguration;
			buildSettings = {
				BUNDLE_LOADER = "$(TEST_HOST)";
				FRAMEWORK_SEARCH_PATHS = (
					"$(SDKROOT)/Developer/Library/Frameworks",
					"$(inherited)",
				);
				INFOPLIST_FILE = BuyOriginalTests/Info.plist;
				LD_RUNPATH_SEARCH_PATHS = "$(inherited) @executable_path/Frameworks @loader_path/Frameworks";
				PRODUCT_NAME = "$(TARGET_NAME)";
				TEST_HOST = "$(BUILT_PRODUCTS_DIR)/BuyOriginal.app/BuyOriginal";
			};
			name = Release;
		};
/* End XCBuildConfiguration section */

/* Begin XCConfigurationList section */
		02FB4DCF1AF7A47900884750 /* Build configuration list for PBXProject "BuyOriginal" */ = {
			isa = XCConfigurationList;
			buildConfigurations = (
				02FB4DF41AF7A47900884750 /* Debug */,
				02FB4DF51AF7A47900884750 /* Release */,
			);
			defaultConfigurationIsVisible = 0;
			defaultConfigurationName = Release;
		};
		02FB4DF61AF7A47900884750 /* Build configuration list for PBXNativeTarget "BuyOriginal" */ = {
			isa = XCConfigurationList;
			buildConfigurations = (
				02FB4DF71AF7A47900884750 /* Debug */,
				02FB4DF81AF7A47900884750 /* Release */,
			);
			defaultConfigurationIsVisible = 0;
			defaultConfigurationName = Release;
		};
		02FB4DF91AF7A47900884750 /* Build configuration list for PBXNativeTarget "BuyOriginalTests" */ = {
			isa = XCConfigurationList;
			buildConfigurations = (
				02FB4DFA1AF7A47900884750 /* Debug */,
				02FB4DFB1AF7A47900884750 /* Release */,
			);
			defaultConfigurationIsVisible = 0;
			defaultConfigurationName = Release;
		};
/* End XCConfigurationList section */

/* Begin XCVersionGroup section */
		02FB4DDB1AF7A47900884750 /* BuyOriginal.xcdatamodeld */ = {
			isa = XCVersionGroup;
			children = (
				02FB4DDC1AF7A47900884750 /* BuyOriginal.xcdatamodel */,
			);
			currentVersion = 02FB4DDC1AF7A47900884750 /* BuyOriginal.xcdatamodel */;
			path = BuyOriginal.xcdatamodeld;
			sourceTree = "<group>";
			versionGroupType = wrapper.xcdatamodel;
		};
/* End XCVersionGroup section */
	};
	rootObject = 02FB4DCC1AF7A47900884750 /* Project object */;
}
