// !$*UTF8*$!
{
	archiveVersion = 1;
	classes = {
	};
	objectVersion = 46;
	objects = {

/* Begin PBXBuildFile section */
		02031EF11B7C3DC300F21F96 /* Icons.Categories.xcassets in Resources */ = {isa = PBXBuildFile; fileRef = 02031EF01B7C3DC300F21F96 /* Icons.Categories.xcassets */; };
		02031EF41B7C427A00F21F96 /* Utilities.swift in Sources */ = {isa = PBXBuildFile; fileRef = 02031EF31B7C427A00F21F96 /* Utilities.swift */; };
		02031EF61B7C42EA00F21F96 /* Category.swift in Sources */ = {isa = PBXBuildFile; fileRef = 02031EF51B7C42EA00F21F96 /* Category.swift */; };
		02031EF81B7CD1A300F21F96 /* BOCategoriesTableViewCell.swift in Sources */ = {isa = PBXBuildFile; fileRef = 02031EF71B7CD1A300F21F96 /* BOCategoriesTableViewCell.swift */; };
		02039A841BADEA7500647FE7 /* Brands2.xcassets in Resources */ = {isa = PBXBuildFile; fileRef = 02039A831BADEA7500647FE7 /* Brands2.xcassets */; };
		020EAFA91B61F2E8001C7974 /* BOHttpPost.swift in Sources */ = {isa = PBXBuildFile; fileRef = 020EAFA81B61F2E8001C7974 /* BOHttpPost.swift */; };
		020EAFB81B6722D9001C7974 /* RegisterCinfirmationViewController.swift in Sources */ = {isa = PBXBuildFile; fileRef = 020EAFB71B6722D9001C7974 /* RegisterCinfirmationViewController.swift */; };
		021DA5B31B0FD53E0030815A /* BONearmeTableViewCell.swift in Sources */ = {isa = PBXBuildFile; fileRef = 021DA5B21B0FD53E0030815A /* BONearmeTableViewCell.swift */; };
		021DA5B51B0FD5B00030815A /* BODealsTableViewCell.swift in Sources */ = {isa = PBXBuildFile; fileRef = 021DA5B41B0FD5B00030815A /* BODealsTableViewCell.swift */; };
		021DA5B81B1164810030815A /* brands.xcassets in Resources */ = {isa = PBXBuildFile; fileRef = 021DA5B71B1164810030815A /* brands.xcassets */; };
		02293BDA1B23D15200D77387 /* LocationViewController.swift in Sources */ = {isa = PBXBuildFile; fileRef = 02293BD91B23D15200D77387 /* LocationViewController.swift */; };
		02293BDC1B249B8700D77387 /* MapKit.framework in Frameworks */ = {isa = PBXBuildFile; fileRef = 02293BDB1B249B8700D77387 /* MapKit.framework */; };
		02293BDE1B249B9A00D77387 /* CoreLocation.framework in Frameworks */ = {isa = PBXBuildFile; fileRef = 02293BDD1B249B9A00D77387 /* CoreLocation.framework */; };
		022A95CE1B5472040091659B /* RegisterBusinessPhoneController.swift in Sources */ = {isa = PBXBuildFile; fileRef = 022A95CD1B5472040091659B /* RegisterBusinessPhoneController.swift */; };
		022A95D01B54BD740091659B /* BusProfileReadOnlyCell.swift in Sources */ = {isa = PBXBuildFile; fileRef = 022A95CF1B54BD740091659B /* BusProfileReadOnlyCell.swift */; };
		022A95D21B54BE8C0091659B /* BusProfileInputCell.swift in Sources */ = {isa = PBXBuildFile; fileRef = 022A95D11B54BE8C0091659B /* BusProfileInputCell.swift */; };
		022A95D41B54BF440091659B /* BussinssProfileController.swift in Sources */ = {isa = PBXBuildFile; fileRef = 022A95D31B54BF440091659B /* BussinssProfileController.swift */; };
		022A95D61B54C7E30091659B /* ChangePasswordViewController.swift in Sources */ = {isa = PBXBuildFile; fileRef = 022A95D51B54C7E30091659B /* ChangePasswordViewController.swift */; };
		022A95DD1B5715030091659B /* ForgetPasswordViewController.swift in Sources */ = {isa = PBXBuildFile; fileRef = 022A95DC1B5715030091659B /* ForgetPasswordViewController.swift */; };
		022E155E1BC7524B00732ECA /* 076_static.json in Resources */ = {isa = PBXBuildFile; fileRef = 022E155D1BC7524B00732ECA /* 076_static.json */; };
		022E15601BC7718100732ECA /* Default-568h@2x.png in Resources */ = {isa = PBXBuildFile; fileRef = 022E155F1BC7718100732ECA /* Default-568h@2x.png */; };
		022F88801BE98CF000A09DF4 /* Security.framework in Frameworks */ = {isa = PBXBuildFile; fileRef = 022F887F1BE98CF000A09DF4 /* Security.framework */; };
		022F88821BE9A81900A09DF4 /* 031_static.json in Resources */ = {isa = PBXBuildFile; fileRef = 022F88811BE9A81900A09DF4 /* 031_static.json */; };
		022F88841BE9B4FE00A09DF4 /* 041_static.json in Resources */ = {isa = PBXBuildFile; fileRef = 022F88831BE9B4FE00A09DF4 /* 041_static.json */; };
		022F88861BE9B51F00A09DF4 /* 026_static.json in Resources */ = {isa = PBXBuildFile; fileRef = 022F88851BE9B51F00A09DF4 /* 026_static.json */; };
		0232F57C1B016EA4009274BA /* ResponseParser.swift in Sources */ = {isa = PBXBuildFile; fileRef = 0232F57B1B016EA4009274BA /* ResponseParser.swift */; };
		023EBF6F1B321292003E2997 /* BODistanceTableViewCell.swift in Sources */ = {isa = PBXBuildFile; fileRef = 023EBF6E1B321292003E2997 /* BODistanceTableViewCell.swift */; };
		024056931B51A1F000612263 /* GlobalConstants.swift in Sources */ = {isa = PBXBuildFile; fileRef = 024056921B51A1F000612263 /* GlobalConstants.swift */; };
		024056951B51A44200612263 /* LoginViewController.swift in Sources */ = {isa = PBXBuildFile; fileRef = 024056941B51A44200612263 /* LoginViewController.swift */; };
		024056971B51A4C400612263 /* RegisterUserIdViewController.swift in Sources */ = {isa = PBXBuildFile; fileRef = 024056961B51A4C400612263 /* RegisterUserIdViewController.swift */; };
		024056991B51A4E100612263 /* RegisterStoreViewController.swift in Sources */ = {isa = PBXBuildFile; fileRef = 024056981B51A4E100612263 /* RegisterStoreViewController.swift */; };
		0240569B1B51A50300612263 /* LocateStoreViewController.swift in Sources */ = {isa = PBXBuildFile; fileRef = 0240569A1B51A50300612263 /* LocateStoreViewController.swift */; };
		0240569D1B51A51F00612263 /* RegisterTermsViewController.swift in Sources */ = {isa = PBXBuildFile; fileRef = 0240569C1B51A51F00612263 /* RegisterTermsViewController.swift */; };
		02445F911B4EB271006D5F13 /* BOBusDisActionTableViewCell.swift in Sources */ = {isa = PBXBuildFile; fileRef = 02445F901B4EB271006D5F13 /* BOBusDisActionTableViewCell.swift */; };
		024513CB1C4F293A0090BF4A /* Brands7.xcassets in Resources */ = {isa = PBXBuildFile; fileRef = 024513CA1C4F293A0090BF4A /* Brands7.xcassets */; };
		0249CCEA1B5C0AB4001C84BA /* BOHttpLogin.swift in Sources */ = {isa = PBXBuildFile; fileRef = 0249CCE91B5C0AB4001C84BA /* BOHttpLogin.swift */; };
		0249CCEC1B5DDC6D001C84BA /* Account.swift in Sources */ = {isa = PBXBuildFile; fileRef = 0249CCEB1B5DDC6D001C84BA /* Account.swift */; };
		02577EB11AFAC97400F3521B /* BOBrandTableViewCell.swift in Sources */ = {isa = PBXBuildFile; fileRef = 02577EB01AFAC97400F3521B /* BOBrandTableViewCell.swift */; };
		02577EB41AFAD06F00F3521B /* BOStoresTableViewCell.swift in Sources */ = {isa = PBXBuildFile; fileRef = 02577EB31AFAD06F00F3521B /* BOStoresTableViewCell.swift */; };
		02577EB61AFAF81700F3521B /* StoreViewController.swift in Sources */ = {isa = PBXBuildFile; fileRef = 02577EB51AFAF81700F3521B /* StoreViewController.swift */; };
		025927881C3B473B00CEB1C4 /* Ads.xcassets in Resources */ = {isa = PBXBuildFile; fileRef = 025927871C3B473B00CEB1C4 /* Ads.xcassets */; };
		0264E0C61B3A4A610075F95C /* City.swift in Sources */ = {isa = PBXBuildFile; fileRef = 0264E0C51B3A4A610075F95C /* City.swift */; };
		02656B281B29E10000DFC51A /* Changelog.txt in Resources */ = {isa = PBXBuildFile; fileRef = 02656A5D1B29E10000DFC51A /* Changelog.txt */; };
		02656B751B29E10000DFC51A /* Readme.txt in Resources */ = {isa = PBXBuildFile; fileRef = 02656AD71B29E10000DFC51A /* Readme.txt */; };
		02656B831B29E12D00DFC51A /* CoreData.framework in Frameworks */ = {isa = PBXBuildFile; fileRef = 02656B821B29E12D00DFC51A /* CoreData.framework */; };
		02656B851B29E14000DFC51A /* SystemConfiguration.framework in Frameworks */ = {isa = PBXBuildFile; fileRef = 02656B841B29E14000DFC51A /* SystemConfiguration.framework */; };
		02656B871B29E15100DFC51A /* libz.dylib in Frameworks */ = {isa = PBXBuildFile; fileRef = 02656B861B29E15100DFC51A /* libz.dylib */; };
		02656B891B29E15F00DFC51A /* libsqlite3.dylib in Frameworks */ = {isa = PBXBuildFile; fileRef = 02656B881B29E15F00DFC51A /* libsqlite3.dylib */; };
		02656B8C1B29E1CB00DFC51A /* AdSupport.framework in Frameworks */ = {isa = PBXBuildFile; fileRef = 02656B8A1B29E1CB00DFC51A /* AdSupport.framework */; };
		02656B8D1B29E1CB00DFC51A /* iAd.framework in Frameworks */ = {isa = PBXBuildFile; fileRef = 02656B8B1B29E1CB00DFC51A /* iAd.framework */; };
		02656B901B2A945400DFC51A /* libGoogleAnalyticsServices.a in Frameworks */ = {isa = PBXBuildFile; fileRef = 02656AD61B29E10000DFC51A /* libGoogleAnalyticsServices.a */; };
		02656B931B2BDDC800DFC51A /* Backgrounds.xcassets in Resources */ = {isa = PBXBuildFile; fileRef = 02656B921B2BDDC800DFC51A /* Backgrounds.xcassets */; };
		02662BF21B02FF1B00093D7D /* 021_static.json in Resources */ = {isa = PBXBuildFile; fileRef = 02662BF11B02FF1B00093D7D /* 021_static.json */; };
		02662BF41B03004F00093D7D /* Store.swift in Sources */ = {isa = PBXBuildFile; fileRef = 02662BF31B03004F00093D7D /* Store.swift */; };
		026B1EB61BCF4B5C004C11FC /* Brands3.xcassets in Resources */ = {isa = PBXBuildFile; fileRef = 026B1EB51BCF4B5C004C11FC /* Brands3.xcassets */; };
		027AFA501C48A4A30077E12C /* Brands6.xcassets in Resources */ = {isa = PBXBuildFile; fileRef = 027AFA4F1C48A4A30077E12C /* Brands6.xcassets */; };
		028154811BFA9D950008E0DB /* Brands5.xcassets in Resources */ = {isa = PBXBuildFile; fileRef = 028154801BFA9D950008E0DB /* Brands5.xcassets */; };
		02900A4D1BD8432300045037 /* Brand4.xcassets in Resources */ = {isa = PBXBuildFile; fileRef = 02900A4C1BD8432300045037 /* Brand4.xcassets */; };
		0292219A1BA2651B006CBC2B /* SimulatorUtility.swift in Sources */ = {isa = PBXBuildFile; fileRef = 029221991BA2651B006CBC2B /* SimulatorUtility.swift */; };
		0292219C1BA28471006CBC2B /* BOStoresDiscountNoteTableCell.swift in Sources */ = {isa = PBXBuildFile; fileRef = 0292219B1BA28471006CBC2B /* BOStoresDiscountNoteTableCell.swift */; };
		02997CA61BBCB406004986D5 /* libFlurry_7.2.0.a in Frameworks */ = {isa = PBXBuildFile; fileRef = 02997CA51BBCB406004986D5 /* libFlurry_7.2.0.a */; };
		029CD9B71B976CC2007F3A21 /* BuBrandDelegate.swift in Sources */ = {isa = PBXBuildFile; fileRef = 029CD9B61B976CC2007F3A21 /* BuBrandDelegate.swift */; };
		02A25F2A1BC2272000D94F38 /* Images.xcassets in Resources */ = {isa = PBXBuildFile; fileRef = 02FB4DE31AF7A47900884750 /* Images.xcassets */; };
		02A3B2931B1A36E900B99AAA /* BOHttpfetcher.swift in Sources */ = {isa = PBXBuildFile; fileRef = 02A3B2921B1A36E900B99AAA /* BOHttpfetcher.swift */; };
		02AA9A091AFD67120090A88B /* Brand.swift in Sources */ = {isa = PBXBuildFile; fileRef = 02AA9A081AFD67120090A88B /* Brand.swift */; };
		02C99C191B8E677C00F8DA23 /* BuPasswordDelegate.swift in Sources */ = {isa = PBXBuildFile; fileRef = 02C99C181B8E677C00F8DA23 /* BuPasswordDelegate.swift */; };
		02C99C1C1B8E6DC300F8DA23 /* BuPhoneDelegate.swift in Sources */ = {isa = PBXBuildFile; fileRef = 02C99C1B1B8E6DC300F8DA23 /* BuPhoneDelegate.swift */; };
		02C99C1E1B8E6F5900F8DA23 /* BuCityDelegate.swift in Sources */ = {isa = PBXBuildFile; fileRef = 02C99C1D1B8E6F5900F8DA23 /* BuCityDelegate.swift */; };
		02C9BD001B042AF6000C6FA6 /* DataManager.swift in Sources */ = {isa = PBXBuildFile; fileRef = 02C9BCFF1B042AF6000C6FA6 /* DataManager.swift */; };
		02C9BD0A1B054C09000C6FA6 /* NearMeViewController.swift in Sources */ = {isa = PBXBuildFile; fileRef = 02C9BD091B054C09000C6FA6 /* NearMeViewController.swift */; };
		02C9BD0C1B054C3D000C6FA6 /* DealsViewController.swift in Sources */ = {isa = PBXBuildFile; fileRef = 02C9BD0B1B054C3D000C6FA6 /* DealsViewController.swift */; };
		02CB3A711B6E70AE00561F53 /* NSDate+Persian.swift in Sources */ = {isa = PBXBuildFile; fileRef = 02CB3A701B6E70AE00561F53 /* NSDate+Persian.swift */; };
		02CB3A731B6E860700561F53 /* BOBusDisNotesTableViewCell.swift in Sources */ = {isa = PBXBuildFile; fileRef = 02CB3A721B6E860700561F53 /* BOBusDisNotesTableViewCell.swift */; };
		02CB3A751B6FD6D400561F53 /* Discount.swift in Sources */ = {isa = PBXBuildFile; fileRef = 02CB3A741B6FD6D400561F53 /* Discount.swift */; };
		02CC33CC1B7D4F2900D1E198 /* CitiesTableViewController.swift in Sources */ = {isa = PBXBuildFile; fileRef = 02CC33CB1B7D4F2900D1E198 /* CitiesTableViewController.swift */; };
		02D4ADF31B0D3717006ED90F /* Icons.xcassets in Resources */ = {isa = PBXBuildFile; fileRef = 02D4ADF21B0D3717006ED90F /* Icons.xcassets */; };
		02E442041B0F5FFA0097D2E6 /* 071_static.json in Resources */ = {isa = PBXBuildFile; fileRef = 02E442031B0F5FFA0097D2E6 /* 071_static.json */; };
		02E442061B0F62150097D2E6 /* 051_static.json in Resources */ = {isa = PBXBuildFile; fileRef = 02E442051B0F62150097D2E6 /* 051_static.json */; };
		02EA3EEA1B4E13E000ECE384 /* BOBusDisPercentageTableViewCell.swift in Sources */ = {isa = PBXBuildFile; fileRef = 02EA3EE91B4E13E000ECE384 /* BOBusDisPercentageTableViewCell.swift */; };
		02EA3EEC1B4E143300ECE384 /* BOBusDisDateTableViewCell.swift in Sources */ = {isa = PBXBuildFile; fileRef = 02EA3EEB1B4E143300ECE384 /* BOBusDisDateTableViewCell.swift */; };
		02EA3EEE1B4E148900ECE384 /* DiscountViewController.swift in Sources */ = {isa = PBXBuildFile; fileRef = 02EA3EED1B4E148900ECE384 /* DiscountViewController.swift */; };
		02ED158C1B3514C300A08215 /* Cities.xcassets in Resources */ = {isa = PBXBuildFile; fileRef = 02ED158B1B3514C300A08215 /* Cities.xcassets */; };
		02ED15901B351E5B00A08215 /* CategoriesViewController.swift in Sources */ = {isa = PBXBuildFile; fileRef = 02ED158F1B351E5B00A08215 /* CategoriesViewController.swift */; };
		02ED15921B351E9000A08215 /* BOCityTableViewCell.swift in Sources */ = {isa = PBXBuildFile; fileRef = 02ED15911B351E9000A08215 /* BOCityTableViewCell.swift */; };
		02ED15941B366C7000A08215 /* logos.plist in Resources */ = {isa = PBXBuildFile; fileRef = 02ED15931B366C7000A08215 /* logos.plist */; };
		02ED15961B36810300A08215 /* TabBarController.swift in Sources */ = {isa = PBXBuildFile; fileRef = 02ED15951B36810300A08215 /* TabBarController.swift */; };
		02FB4DDA1AF7A47900884750 /* AppDelegate.swift in Sources */ = {isa = PBXBuildFile; fileRef = 02FB4DD91AF7A47900884750 /* AppDelegate.swift */; };
		02FB4DDD1AF7A47900884750 /* BuyOriginal.xcdatamodeld in Sources */ = {isa = PBXBuildFile; fileRef = 02FB4DDB1AF7A47900884750 /* BuyOriginal.xcdatamodeld */; };
		02FB4DDF1AF7A47900884750 /* BrandViewController.swift in Sources */ = {isa = PBXBuildFile; fileRef = 02FB4DDE1AF7A47900884750 /* BrandViewController.swift */; };
		02FB4DE21AF7A47900884750 /* Main.storyboard in Resources */ = {isa = PBXBuildFile; fileRef = 02FB4DE01AF7A47900884750 /* Main.storyboard */; };
		02FB4DE71AF7A47900884750 /* LaunchScreen.xib in Resources */ = {isa = PBXBuildFile; fileRef = 02FB4DE51AF7A47900884750 /* LaunchScreen.xib */; };
/* End PBXBuildFile section */

/* Begin PBXFileReference section */
		02031EF01B7C3DC300F21F96 /* Icons.Categories.xcassets */ = {isa = PBXFileReference; lastKnownFileType = folder.assetcatalog; path = Icons.Categories.xcassets; sourceTree = "<group>"; };
		02031EF31B7C427A00F21F96 /* Utilities.swift */ = {isa = PBXFileReference; fileEncoding = 4; lastKnownFileType = sourcecode.swift; path = Utilities.swift; sourceTree = "<group>"; };
		02031EF51B7C42EA00F21F96 /* Category.swift */ = {isa = PBXFileReference; fileEncoding = 4; lastKnownFileType = sourcecode.swift; path = Category.swift; sourceTree = "<group>"; };
		02031EF71B7CD1A300F21F96 /* BOCategoriesTableViewCell.swift */ = {isa = PBXFileReference; fileEncoding = 4; lastKnownFileType = sourcecode.swift; path = BOCategoriesTableViewCell.swift; sourceTree = "<group>"; };
		02039A831BADEA7500647FE7 /* Brands2.xcassets */ = {isa = PBXFileReference; lastKnownFileType = folder.assetcatalog; path = Brands2.xcassets; sourceTree = "<group>"; };
		020EAFA81B61F2E8001C7974 /* BOHttpPost.swift */ = {isa = PBXFileReference; fileEncoding = 4; lastKnownFileType = sourcecode.swift; path = BOHttpPost.swift; sourceTree = "<group>"; };
		020EAFB71B6722D9001C7974 /* RegisterCinfirmationViewController.swift */ = {isa = PBXFileReference; fileEncoding = 4; lastKnownFileType = sourcecode.swift; path = RegisterCinfirmationViewController.swift; sourceTree = "<group>"; };
		021DA5B21B0FD53E0030815A /* BONearmeTableViewCell.swift */ = {isa = PBXFileReference; fileEncoding = 4; lastKnownFileType = sourcecode.swift; path = BONearmeTableViewCell.swift; sourceTree = "<group>"; };
		021DA5B41B0FD5B00030815A /* BODealsTableViewCell.swift */ = {isa = PBXFileReference; fileEncoding = 4; lastKnownFileType = sourcecode.swift; path = BODealsTableViewCell.swift; sourceTree = "<group>"; };
		021DA5B71B1164810030815A /* brands.xcassets */ = {isa = PBXFileReference; lastKnownFileType = folder.assetcatalog; path = brands.xcassets; sourceTree = "<group>"; };
		02293BD91B23D15200D77387 /* LocationViewController.swift */ = {isa = PBXFileReference; fileEncoding = 4; lastKnownFileType = sourcecode.swift; path = LocationViewController.swift; sourceTree = "<group>"; };
		02293BDB1B249B8700D77387 /* MapKit.framework */ = {isa = PBXFileReference; lastKnownFileType = wrapper.framework; name = MapKit.framework; path = System/Library/Frameworks/MapKit.framework; sourceTree = SDKROOT; };
		02293BDD1B249B9A00D77387 /* CoreLocation.framework */ = {isa = PBXFileReference; lastKnownFileType = wrapper.framework; name = CoreLocation.framework; path = System/Library/Frameworks/CoreLocation.framework; sourceTree = SDKROOT; };
		022A95CD1B5472040091659B /* RegisterBusinessPhoneController.swift */ = {isa = PBXFileReference; fileEncoding = 4; lastKnownFileType = sourcecode.swift; path = RegisterBusinessPhoneController.swift; sourceTree = "<group>"; };
		022A95CF1B54BD740091659B /* BusProfileReadOnlyCell.swift */ = {isa = PBXFileReference; fileEncoding = 4; lastKnownFileType = sourcecode.swift; path = BusProfileReadOnlyCell.swift; sourceTree = "<group>"; };
		022A95D11B54BE8C0091659B /* BusProfileInputCell.swift */ = {isa = PBXFileReference; fileEncoding = 4; lastKnownFileType = sourcecode.swift; path = BusProfileInputCell.swift; sourceTree = "<group>"; };
		022A95D31B54BF440091659B /* BussinssProfileController.swift */ = {isa = PBXFileReference; fileEncoding = 4; lastKnownFileType = sourcecode.swift; path = BussinssProfileController.swift; sourceTree = "<group>"; };
		022A95D51B54C7E30091659B /* ChangePasswordViewController.swift */ = {isa = PBXFileReference; fileEncoding = 4; lastKnownFileType = sourcecode.swift; path = ChangePasswordViewController.swift; sourceTree = "<group>"; };
		022A95DC1B5715030091659B /* ForgetPasswordViewController.swift */ = {isa = PBXFileReference; fileEncoding = 4; lastKnownFileType = sourcecode.swift; path = ForgetPasswordViewController.swift; sourceTree = "<group>"; };
		022E155D1BC7524B00732ECA /* 076_static.json */ = {isa = PBXFileReference; fileEncoding = 4; lastKnownFileType = text.json; name = 076_static.json; path = ../076_static.json; sourceTree = "<group>"; };
		022E155F1BC7718100732ECA /* Default-568h@2x.png */ = {isa = PBXFileReference; lastKnownFileType = image.png; path = "Default-568h@2x.png"; sourceTree = "<group>"; };
		022F887F1BE98CF000A09DF4 /* Security.framework */ = {isa = PBXFileReference; lastKnownFileType = wrapper.framework; name = Security.framework; path = System/Library/Frameworks/Security.framework; sourceTree = SDKROOT; };
		022F88811BE9A81900A09DF4 /* 031_static.json */ = {isa = PBXFileReference; fileEncoding = 4; lastKnownFileType = text.json; name = 031_static.json; path = Images.xcassets/031_static.json; sourceTree = "<group>"; };
		022F88831BE9B4FE00A09DF4 /* 041_static.json */ = {isa = PBXFileReference; fileEncoding = 4; lastKnownFileType = text.json; path = 041_static.json; sourceTree = "<group>"; };
		022F88851BE9B51F00A09DF4 /* 026_static.json */ = {isa = PBXFileReference; fileEncoding = 4; lastKnownFileType = text.json; path = 026_static.json; sourceTree = "<group>"; };
		0232F57B1B016EA4009274BA /* ResponseParser.swift */ = {isa = PBXFileReference; fileEncoding = 4; lastKnownFileType = sourcecode.swift; path = ResponseParser.swift; sourceTree = "<group>"; };
		023EBF6E1B321292003E2997 /* BODistanceTableViewCell.swift */ = {isa = PBXFileReference; fileEncoding = 4; lastKnownFileType = sourcecode.swift; path = BODistanceTableViewCell.swift; sourceTree = "<group>"; };
		024056921B51A1F000612263 /* GlobalConstants.swift */ = {isa = PBXFileReference; fileEncoding = 4; lastKnownFileType = sourcecode.swift; path = GlobalConstants.swift; sourceTree = "<group>"; };
		024056941B51A44200612263 /* LoginViewController.swift */ = {isa = PBXFileReference; fileEncoding = 4; lastKnownFileType = sourcecode.swift; path = LoginViewController.swift; sourceTree = "<group>"; };
		024056961B51A4C400612263 /* RegisterUserIdViewController.swift */ = {isa = PBXFileReference; fileEncoding = 4; lastKnownFileType = sourcecode.swift; path = RegisterUserIdViewController.swift; sourceTree = "<group>"; };
		024056981B51A4E100612263 /* RegisterStoreViewController.swift */ = {isa = PBXFileReference; fileEncoding = 4; lastKnownFileType = sourcecode.swift; path = RegisterStoreViewController.swift; sourceTree = "<group>"; };
		0240569A1B51A50300612263 /* LocateStoreViewController.swift */ = {isa = PBXFileReference; fileEncoding = 4; lastKnownFileType = sourcecode.swift; path = LocateStoreViewController.swift; sourceTree = "<group>"; };
		0240569C1B51A51F00612263 /* RegisterTermsViewController.swift */ = {isa = PBXFileReference; fileEncoding = 4; lastKnownFileType = sourcecode.swift; path = RegisterTermsViewController.swift; sourceTree = "<group>"; };
		02445F901B4EB271006D5F13 /* BOBusDisActionTableViewCell.swift */ = {isa = PBXFileReference; fileEncoding = 4; lastKnownFileType = sourcecode.swift; path = BOBusDisActionTableViewCell.swift; sourceTree = "<group>"; };
		024513CA1C4F293A0090BF4A /* Brands7.xcassets */ = {isa = PBXFileReference; lastKnownFileType = folder.assetcatalog; path = Brands7.xcassets; sourceTree = "<group>"; };
		0249CCE91B5C0AB4001C84BA /* BOHttpLogin.swift */ = {isa = PBXFileReference; fileEncoding = 4; lastKnownFileType = sourcecode.swift; path = BOHttpLogin.swift; sourceTree = "<group>"; };
		0249CCEB1B5DDC6D001C84BA /* Account.swift */ = {isa = PBXFileReference; fileEncoding = 4; lastKnownFileType = sourcecode.swift; path = Account.swift; sourceTree = "<group>"; };
		02577EB01AFAC97400F3521B /* BOBrandTableViewCell.swift */ = {isa = PBXFileReference; fileEncoding = 4; lastKnownFileType = sourcecode.swift; path = BOBrandTableViewCell.swift; sourceTree = "<group>"; };
		02577EB31AFAD06F00F3521B /* BOStoresTableViewCell.swift */ = {isa = PBXFileReference; fileEncoding = 4; lastKnownFileType = sourcecode.swift; path = BOStoresTableViewCell.swift; sourceTree = "<group>"; };
		02577EB51AFAF81700F3521B /* StoreViewController.swift */ = {isa = PBXFileReference; fileEncoding = 4; lastKnownFileType = sourcecode.swift; path = StoreViewController.swift; sourceTree = "<group>"; };
		025927871C3B473B00CEB1C4 /* Ads.xcassets */ = {isa = PBXFileReference; lastKnownFileType = folder.assetcatalog; path = Ads.xcassets; sourceTree = "<group>"; };
		0264E0C51B3A4A610075F95C /* City.swift */ = {isa = PBXFileReference; fileEncoding = 4; lastKnownFileType = sourcecode.swift; name = City.swift; path = DataModels/City.swift; sourceTree = "<group>"; };
		02656A5D1B29E10000DFC51A /* Changelog.txt */ = {isa = PBXFileReference; fileEncoding = 4; lastKnownFileType = text; path = Changelog.txt; sourceTree = "<group>"; };
		02656A891B29E10000DFC51A /* GAI.h */ = {isa = PBXFileReference; fileEncoding = 4; lastKnownFileType = sourcecode.c.h; path = GAI.h; sourceTree = "<group>"; };
		02656A8A1B29E10000DFC51A /* GAIDictionaryBuilder.h */ = {isa = PBXFileReference; fileEncoding = 4; lastKnownFileType = sourcecode.c.h; path = GAIDictionaryBuilder.h; sourceTree = "<group>"; };
		02656A8B1B29E10000DFC51A /* GAIEcommerceFields.h */ = {isa = PBXFileReference; fileEncoding = 4; lastKnownFileType = sourcecode.c.h; path = GAIEcommerceFields.h; sourceTree = "<group>"; };
		02656A8C1B29E10000DFC51A /* GAIEcommerceProduct.h */ = {isa = PBXFileReference; fileEncoding = 4; lastKnownFileType = sourcecode.c.h; path = GAIEcommerceProduct.h; sourceTree = "<group>"; };
		02656A8D1B29E10000DFC51A /* GAIEcommerceProductAction.h */ = {isa = PBXFileReference; fileEncoding = 4; lastKnownFileType = sourcecode.c.h; path = GAIEcommerceProductAction.h; sourceTree = "<group>"; };
		02656A8E1B29E10000DFC51A /* GAIEcommercePromotion.h */ = {isa = PBXFileReference; fileEncoding = 4; lastKnownFileType = sourcecode.c.h; path = GAIEcommercePromotion.h; sourceTree = "<group>"; };
		02656A8F1B29E10000DFC51A /* GAIFields.h */ = {isa = PBXFileReference; fileEncoding = 4; lastKnownFileType = sourcecode.c.h; path = GAIFields.h; sourceTree = "<group>"; };
		02656A901B29E10000DFC51A /* GAILogger.h */ = {isa = PBXFileReference; fileEncoding = 4; lastKnownFileType = sourcecode.c.h; path = GAILogger.h; sourceTree = "<group>"; };
		02656A911B29E10000DFC51A /* GAITrackedViewController.h */ = {isa = PBXFileReference; fileEncoding = 4; lastKnownFileType = sourcecode.c.h; path = GAITrackedViewController.h; sourceTree = "<group>"; };
		02656A921B29E10000DFC51A /* GAITracker.h */ = {isa = PBXFileReference; fileEncoding = 4; lastKnownFileType = sourcecode.c.h; path = GAITracker.h; sourceTree = "<group>"; };
		02656A931B29E10000DFC51A /* Readme.txt */ = {isa = PBXFileReference; fileEncoding = 4; lastKnownFileType = text; path = Readme.txt; sourceTree = "<group>"; };
		02656A951B29E10000DFC51A /* Changelog.txt */ = {isa = PBXFileReference; fileEncoding = 4; lastKnownFileType = text; path = Changelog.txt; sourceTree = "<group>"; };
		02656ACF1B29E10000DFC51A /* TAGContainer.h */ = {isa = PBXFileReference; fileEncoding = 4; lastKnownFileType = sourcecode.c.h; path = TAGContainer.h; sourceTree = "<group>"; };
		02656AD01B29E10000DFC51A /* TAGContainerOpener.h */ = {isa = PBXFileReference; fileEncoding = 4; lastKnownFileType = sourcecode.c.h; path = TAGContainerOpener.h; sourceTree = "<group>"; };
		02656AD11B29E10000DFC51A /* TAGDataLayer.h */ = {isa = PBXFileReference; fileEncoding = 4; lastKnownFileType = sourcecode.c.h; path = TAGDataLayer.h; sourceTree = "<group>"; };
		02656AD21B29E10000DFC51A /* TAGLogger.h */ = {isa = PBXFileReference; fileEncoding = 4; lastKnownFileType = sourcecode.c.h; path = TAGLogger.h; sourceTree = "<group>"; };
		02656AD31B29E10000DFC51A /* TAGManager.h */ = {isa = PBXFileReference; fileEncoding = 4; lastKnownFileType = sourcecode.c.h; path = TAGManager.h; sourceTree = "<group>"; };
		02656AD41B29E10000DFC51A /* Readme.txt */ = {isa = PBXFileReference; fileEncoding = 4; lastKnownFileType = text; path = Readme.txt; sourceTree = "<group>"; };
		02656AD51B29E10000DFC51A /* libAdIdAccess.a */ = {isa = PBXFileReference; lastKnownFileType = archive.ar; path = libAdIdAccess.a; sourceTree = "<group>"; };
		02656AD61B29E10000DFC51A /* libGoogleAnalyticsServices.a */ = {isa = PBXFileReference; lastKnownFileType = archive.ar; path = libGoogleAnalyticsServices.a; sourceTree = "<group>"; };
		02656AD71B29E10000DFC51A /* Readme.txt */ = {isa = PBXFileReference; fileEncoding = 4; lastKnownFileType = text; path = Readme.txt; sourceTree = "<group>"; };
		02656B821B29E12D00DFC51A /* CoreData.framework */ = {isa = PBXFileReference; lastKnownFileType = wrapper.framework; name = CoreData.framework; path = System/Library/Frameworks/CoreData.framework; sourceTree = SDKROOT; };
		02656B841B29E14000DFC51A /* SystemConfiguration.framework */ = {isa = PBXFileReference; lastKnownFileType = wrapper.framework; name = SystemConfiguration.framework; path = System/Library/Frameworks/SystemConfiguration.framework; sourceTree = SDKROOT; };
		02656B861B29E15100DFC51A /* libz.dylib */ = {isa = PBXFileReference; lastKnownFileType = "compiled.mach-o.dylib"; name = libz.dylib; path = usr/lib/libz.dylib; sourceTree = SDKROOT; };
		02656B881B29E15F00DFC51A /* libsqlite3.dylib */ = {isa = PBXFileReference; lastKnownFileType = "compiled.mach-o.dylib"; name = libsqlite3.dylib; path = usr/lib/libsqlite3.dylib; sourceTree = SDKROOT; };
		02656B8A1B29E1CB00DFC51A /* AdSupport.framework */ = {isa = PBXFileReference; lastKnownFileType = wrapper.framework; name = AdSupport.framework; path = System/Library/Frameworks/AdSupport.framework; sourceTree = SDKROOT; };
		02656B8B1B29E1CB00DFC51A /* iAd.framework */ = {isa = PBXFileReference; lastKnownFileType = wrapper.framework; name = iAd.framework; path = System/Library/Frameworks/iAd.framework; sourceTree = SDKROOT; };
		02656B8F1B29E69800DFC51A /* Header.h */ = {isa = PBXFileReference; fileEncoding = 4; lastKnownFileType = sourcecode.c.h; path = Header.h; sourceTree = "<group>"; };
		02656B921B2BDDC800DFC51A /* Backgrounds.xcassets */ = {isa = PBXFileReference; lastKnownFileType = folder.assetcatalog; path = Backgrounds.xcassets; sourceTree = "<group>"; };
		02662BF11B02FF1B00093D7D /* 021_static.json */ = {isa = PBXFileReference; fileEncoding = 4; lastKnownFileType = text.json; path = 021_static.json; sourceTree = "<group>"; };
		02662BF31B03004F00093D7D /* Store.swift */ = {isa = PBXFileReference; fileEncoding = 4; lastKnownFileType = sourcecode.swift; path = Store.swift; sourceTree = "<group>"; };
		026B1EB51BCF4B5C004C11FC /* Brands3.xcassets */ = {isa = PBXFileReference; lastKnownFileType = folder.assetcatalog; path = Brands3.xcassets; sourceTree = "<group>"; };
		027AFA4F1C48A4A30077E12C /* Brands6.xcassets */ = {isa = PBXFileReference; lastKnownFileType = folder.assetcatalog; path = Brands6.xcassets; sourceTree = "<group>"; };
		028154801BFA9D950008E0DB /* Brands5.xcassets */ = {isa = PBXFileReference; lastKnownFileType = folder.assetcatalog; path = Brands5.xcassets; sourceTree = "<group>"; };
		02900A4C1BD8432300045037 /* Brand4.xcassets */ = {isa = PBXFileReference; lastKnownFileType = folder.assetcatalog; path = Brand4.xcassets; sourceTree = "<group>"; };
		029221991BA2651B006CBC2B /* SimulatorUtility.swift */ = {isa = PBXFileReference; fileEncoding = 4; lastKnownFileType = sourcecode.swift; path = SimulatorUtility.swift; sourceTree = "<group>"; };
		0292219B1BA28471006CBC2B /* BOStoresDiscountNoteTableCell.swift */ = {isa = PBXFileReference; fileEncoding = 4; lastKnownFileType = sourcecode.swift; path = BOStoresDiscountNoteTableCell.swift; sourceTree = "<group>"; };
		02997CA31BBCB406004986D5 /* Flurry.h */ = {isa = PBXFileReference; fileEncoding = 4; lastKnownFileType = sourcecode.c.h; path = Flurry.h; sourceTree = "<group>"; };
		02997CA41BBCB406004986D5 /* FlurryWatch.h */ = {isa = PBXFileReference; fileEncoding = 4; lastKnownFileType = sourcecode.c.h; path = FlurryWatch.h; sourceTree = "<group>"; };
		02997CA51BBCB406004986D5 /* libFlurry_7.2.0.a */ = {isa = PBXFileReference; lastKnownFileType = archive.ar; path = libFlurry_7.2.0.a; sourceTree = "<group>"; };
		029CD9B61B976CC2007F3A21 /* BuBrandDelegate.swift */ = {isa = PBXFileReference; fileEncoding = 4; lastKnownFileType = sourcecode.swift; path = BuBrandDelegate.swift; sourceTree = "<group>"; };
		02A3B2921B1A36E900B99AAA /* BOHttpfetcher.swift */ = {isa = PBXFileReference; fileEncoding = 4; lastKnownFileType = sourcecode.swift; name = BOHttpfetcher.swift; path = Network/BOHttpfetcher.swift; sourceTree = "<group>"; };
		02AA9A081AFD67120090A88B /* Brand.swift */ = {isa = PBXFileReference; fileEncoding = 4; lastKnownFileType = sourcecode.swift; name = Brand.swift; path = DataModels/Brand.swift; sourceTree = "<group>"; };
		02C99C181B8E677C00F8DA23 /* BuPasswordDelegate.swift */ = {isa = PBXFileReference; fileEncoding = 4; lastKnownFileType = sourcecode.swift; path = BuPasswordDelegate.swift; sourceTree = "<group>"; };
		02C99C1B1B8E6DC300F8DA23 /* BuPhoneDelegate.swift */ = {isa = PBXFileReference; fileEncoding = 4; lastKnownFileType = sourcecode.swift; path = BuPhoneDelegate.swift; sourceTree = "<group>"; };
		02C99C1D1B8E6F5900F8DA23 /* BuCityDelegate.swift */ = {isa = PBXFileReference; fileEncoding = 4; lastKnownFileType = sourcecode.swift; path = BuCityDelegate.swift; sourceTree = "<group>"; };
		02C9BCFF1B042AF6000C6FA6 /* DataManager.swift */ = {isa = PBXFileReference; fileEncoding = 4; lastKnownFileType = sourcecode.swift; path = DataManager.swift; sourceTree = "<group>"; };
		02C9BD091B054C09000C6FA6 /* NearMeViewController.swift */ = {isa = PBXFileReference; fileEncoding = 4; lastKnownFileType = sourcecode.swift; path = NearMeViewController.swift; sourceTree = "<group>"; };
		02C9BD0B1B054C3D000C6FA6 /* DealsViewController.swift */ = {isa = PBXFileReference; fileEncoding = 4; lastKnownFileType = sourcecode.swift; path = DealsViewController.swift; sourceTree = "<group>"; };
		02CB3A701B6E70AE00561F53 /* NSDate+Persian.swift */ = {isa = PBXFileReference; fileEncoding = 4; lastKnownFileType = sourcecode.swift; path = "NSDate+Persian.swift"; sourceTree = "<group>"; };
		02CB3A721B6E860700561F53 /* BOBusDisNotesTableViewCell.swift */ = {isa = PBXFileReference; fileEncoding = 4; lastKnownFileType = sourcecode.swift; path = BOBusDisNotesTableViewCell.swift; sourceTree = "<group>"; };
		02CB3A741B6FD6D400561F53 /* Discount.swift */ = {isa = PBXFileReference; fileEncoding = 4; lastKnownFileType = sourcecode.swift; name = Discount.swift; path = DataModels/Discount.swift; sourceTree = "<group>"; };
		02CC33CB1B7D4F2900D1E198 /* CitiesTableViewController.swift */ = {isa = PBXFileReference; fileEncoding = 4; lastKnownFileType = sourcecode.swift; path = CitiesTableViewController.swift; sourceTree = "<group>"; };
		02D4ADF21B0D3717006ED90F /* Icons.xcassets */ = {isa = PBXFileReference; lastKnownFileType = folder.assetcatalog; path = Icons.xcassets; sourceTree = "<group>"; };
		02E442031B0F5FFA0097D2E6 /* 071_static.json */ = {isa = PBXFileReference; fileEncoding = 4; lastKnownFileType = text.json; path = 071_static.json; sourceTree = "<group>"; };
		02E442051B0F62150097D2E6 /* 051_static.json */ = {isa = PBXFileReference; fileEncoding = 4; lastKnownFileType = text.json; path = 051_static.json; sourceTree = "<group>"; };
		02EA3EE91B4E13E000ECE384 /* BOBusDisPercentageTableViewCell.swift */ = {isa = PBXFileReference; fileEncoding = 4; lastKnownFileType = sourcecode.swift; path = BOBusDisPercentageTableViewCell.swift; sourceTree = "<group>"; };
		02EA3EEB1B4E143300ECE384 /* BOBusDisDateTableViewCell.swift */ = {isa = PBXFileReference; fileEncoding = 4; lastKnownFileType = sourcecode.swift; path = BOBusDisDateTableViewCell.swift; sourceTree = "<group>"; };
		02EA3EED1B4E148900ECE384 /* DiscountViewController.swift */ = {isa = PBXFileReference; fileEncoding = 4; lastKnownFileType = sourcecode.swift; path = DiscountViewController.swift; sourceTree = "<group>"; };
		02ED158B1B3514C300A08215 /* Cities.xcassets */ = {isa = PBXFileReference; lastKnownFileType = folder.assetcatalog; path = Cities.xcassets; sourceTree = "<group>"; };
		02ED158F1B351E5B00A08215 /* CategoriesViewController.swift */ = {isa = PBXFileReference; fileEncoding = 4; lastKnownFileType = sourcecode.swift; path = CategoriesViewController.swift; sourceTree = "<group>"; };
		02ED15911B351E9000A08215 /* BOCityTableViewCell.swift */ = {isa = PBXFileReference; fileEncoding = 4; lastKnownFileType = sourcecode.swift; path = BOCityTableViewCell.swift; sourceTree = "<group>"; };
		02ED15931B366C7000A08215 /* logos.plist */ = {isa = PBXFileReference; fileEncoding = 4; lastKnownFileType = text.plist.xml; path = logos.plist; sourceTree = "<group>"; };
		02ED15951B36810300A08215 /* TabBarController.swift */ = {isa = PBXFileReference; fileEncoding = 4; lastKnownFileType = sourcecode.swift; path = TabBarController.swift; sourceTree = "<group>"; };
		02FB4DD41AF7A47900884750 /* BuyOriginal.app */ = {isa = PBXFileReference; explicitFileType = wrapper.application; includeInIndex = 0; path = BuyOriginal.app; sourceTree = BUILT_PRODUCTS_DIR; };
		02FB4DD81AF7A47900884750 /* Info.plist */ = {isa = PBXFileReference; lastKnownFileType = text.plist.xml; path = Info.plist; sourceTree = "<group>"; };
		02FB4DD91AF7A47900884750 /* AppDelegate.swift */ = {isa = PBXFileReference; lastKnownFileType = sourcecode.swift; path = AppDelegate.swift; sourceTree = "<group>"; };
		02FB4DDC1AF7A47900884750 /* BuyOriginal.xcdatamodel */ = {isa = PBXFileReference; lastKnownFileType = wrapper.xcdatamodel; path = BuyOriginal.xcdatamodel; sourceTree = "<group>"; };
		02FB4DDE1AF7A47900884750 /* BrandViewController.swift */ = {isa = PBXFileReference; lastKnownFileType = sourcecode.swift; path = BrandViewController.swift; sourceTree = "<group>"; };
		02FB4DE11AF7A47900884750 /* Base */ = {isa = PBXFileReference; lastKnownFileType = file.storyboard; name = Base; path = Base.lproj/Main.storyboard; sourceTree = "<group>"; };
		02FB4DE31AF7A47900884750 /* Images.xcassets */ = {isa = PBXFileReference; lastKnownFileType = folder.assetcatalog; path = Images.xcassets; sourceTree = "<group>"; };
		02FB4DE61AF7A47900884750 /* Base */ = {isa = PBXFileReference; lastKnownFileType = file.xib; name = Base; path = Base.lproj/LaunchScreen.xib; sourceTree = "<group>"; };
		02FB4DF11AF7A47900884750 /* Info.plist */ = {isa = PBXFileReference; lastKnownFileType = text.plist.xml; path = Info.plist; sourceTree = "<group>"; };
		02FB4DF21AF7A47900884750 /* BuyOriginalTests.swift */ = {isa = PBXFileReference; lastKnownFileType = sourcecode.swift; path = BuyOriginalTests.swift; sourceTree = "<group>"; };
/* End PBXFileReference section */

/* Begin PBXFrameworksBuildPhase section */
		02FB4DD11AF7A47900884750 /* Frameworks */ = {
			isa = PBXFrameworksBuildPhase;
			buildActionMask = 2147483647;
			files = (
				022F88801BE98CF000A09DF4 /* Security.framework in Frameworks */,
				02656B8C1B29E1CB00DFC51A /* AdSupport.framework in Frameworks */,
				02656B8D1B29E1CB00DFC51A /* iAd.framework in Frameworks */,
				02656B901B2A945400DFC51A /* libGoogleAnalyticsServices.a in Frameworks */,
				02997CA61BBCB406004986D5 /* libFlurry_7.2.0.a in Frameworks */,
				02656B891B29E15F00DFC51A /* libsqlite3.dylib in Frameworks */,
				02656B871B29E15100DFC51A /* libz.dylib in Frameworks */,
				02656B851B29E14000DFC51A /* SystemConfiguration.framework in Frameworks */,
				02656B831B29E12D00DFC51A /* CoreData.framework in Frameworks */,
				02293BDE1B249B9A00D77387 /* CoreLocation.framework in Frameworks */,
				02293BDC1B249B8700D77387 /* MapKit.framework in Frameworks */,
			);
			runOnlyForDeploymentPostprocessing = 0;
		};
/* End PBXFrameworksBuildPhase section */

/* Begin PBXGroup section */
		02031EF21B7C425000F21F96 /* Utilities */ = {
			isa = PBXGroup;
			children = (
				02031EF31B7C427A00F21F96 /* Utilities.swift */,
				029221991BA2651B006CBC2B /* SimulatorUtility.swift */,
			);
			name = Utilities;
			sourceTree = "<group>";
		};
		020EAFB21B6582B9001C7974 /* Extensions */ = {
			isa = PBXGroup;
			children = (
				02CB3A701B6E70AE00561F53 /* NSDate+Persian.swift */,
			);
			name = Extensions;
			sourceTree = "<group>";
		};
		022A95DE1B571E470091659B /* BusinesProfile */ = {
			isa = PBXGroup;
			children = (
				02C99C1A1B8E68AD00F8DA23 /* Protocols */,
				022A95D31B54BF440091659B /* BussinssProfileController.swift */,
				02EA3EED1B4E148900ECE384 /* DiscountViewController.swift */,
			);
			name = BusinesProfile;
			sourceTree = "<group>";
		};
		0232F57A1B016E7B009274BA /* Parser */ = {
			isa = PBXGroup;
			children = (
				0232F57B1B016EA4009274BA /* ResponseParser.swift */,
			);
			name = Parser;
			sourceTree = "<group>";
		};
		024056A01B51AE7100612263 /* BusinessRegisteration */ = {
			isa = PBXGroup;
			children = (
				0240569A1B51A50300612263 /* LocateStoreViewController.swift */,
				0240569C1B51A51F00612263 /* RegisterTermsViewController.swift */,
				024056981B51A4E100612263 /* RegisterStoreViewController.swift */,
				024056961B51A4C400612263 /* RegisterUserIdViewController.swift */,
				022A95CD1B5472040091659B /* RegisterBusinessPhoneController.swift */,
				020EAFB71B6722D9001C7974 /* RegisterCinfirmationViewController.swift */,
			);
			name = BusinessRegisteration;
			sourceTree = "<group>";
		};
		02577EB21AFAC97C00F3521B /* Cells */ = {
			isa = PBXGroup;
			children = (
				02577EB31AFAD06F00F3521B /* BOStoresTableViewCell.swift */,
				02577EB01AFAC97400F3521B /* BOBrandTableViewCell.swift */,
				021DA5B21B0FD53E0030815A /* BONearmeTableViewCell.swift */,
				021DA5B41B0FD5B00030815A /* BODealsTableViewCell.swift */,
				023EBF6E1B321292003E2997 /* BODistanceTableViewCell.swift */,
				02ED15911B351E9000A08215 /* BOCityTableViewCell.swift */,
				02EA3EE91B4E13E000ECE384 /* BOBusDisPercentageTableViewCell.swift */,
				02EA3EEB1B4E143300ECE384 /* BOBusDisDateTableViewCell.swift */,
				02445F901B4EB271006D5F13 /* BOBusDisActionTableViewCell.swift */,
				022A95CF1B54BD740091659B /* BusProfileReadOnlyCell.swift */,
				022A95D11B54BE8C0091659B /* BusProfileInputCell.swift */,
				02CB3A721B6E860700561F53 /* BOBusDisNotesTableViewCell.swift */,
				02031EF71B7CD1A300F21F96 /* BOCategoriesTableViewCell.swift */,
				0292219B1BA28471006CBC2B /* BOStoresDiscountNoteTableCell.swift */,
			);
			name = Cells;
			sourceTree = "<group>";
		};
		02577EB71AFAF82300F3521B /* ViewControllers */ = {
			isa = PBXGroup;
			children = (
				022A95DE1B571E470091659B /* BusinesProfile */,
				024056A01B51AE7100612263 /* BusinessRegisteration */,
				02577EB51AFAF81700F3521B /* StoreViewController.swift */,
				02C9BD0B1B054C3D000C6FA6 /* DealsViewController.swift */,
				02CC33CB1B7D4F2900D1E198 /* CitiesTableViewController.swift */,
				02ED158F1B351E5B00A08215 /* CategoriesViewController.swift */,
				02FB4DDE1AF7A47900884750 /* BrandViewController.swift */,
				02C9BD091B054C09000C6FA6 /* NearMeViewController.swift */,
				02293BD91B23D15200D77387 /* LocationViewController.swift */,
				02ED15951B36810300A08215 /* TabBarController.swift */,
				024056941B51A44200612263 /* LoginViewController.swift */,
				022A95D51B54C7E30091659B /* ChangePasswordViewController.swift */,
				022A95DC1B5715030091659B /* ForgetPasswordViewController.swift */,
			);
			name = ViewControllers;
			sourceTree = "<group>";
		};
		02577EB81AFC5AD800F3521B /* SampleDataGenerator */ = {
			isa = PBXGroup;
			children = (
				022E155D1BC7524B00732ECA /* 076_static.json */,
				02662BF11B02FF1B00093D7D /* 021_static.json */,
				02E442031B0F5FFA0097D2E6 /* 071_static.json */,
				02E442051B0F62150097D2E6 /* 051_static.json */,
				022F88811BE9A81900A09DF4 /* 031_static.json */,
				022F88831BE9B4FE00A09DF4 /* 041_static.json */,
				022F88851BE9B51F00A09DF4 /* 026_static.json */,
			);
			name = SampleDataGenerator;
			sourceTree = "<group>";
		};
		026569C21B29E0E100DFC51A /* GoogleAnalytics */ = {
			isa = PBXGroup;
			children = (
				02656A5B1B29E10000DFC51A /* GoogleAnalyticsServicesiOS_3.12 */,
			);
			name = GoogleAnalytics;
			sourceTree = "<group>";
		};
		02656A5B1B29E10000DFC51A /* GoogleAnalyticsServicesiOS_3.12 */ = {
			isa = PBXGroup;
			children = (
				02656A5C1B29E10000DFC51A /* GoogleAnalytics */,
				02656A941B29E10000DFC51A /* GoogleTagManager */,
				02656AD51B29E10000DFC51A /* libAdIdAccess.a */,
				02656AD61B29E10000DFC51A /* libGoogleAnalyticsServices.a */,
				02656AD71B29E10000DFC51A /* Readme.txt */,
			);
			name = GoogleAnalyticsServicesiOS_3.12;
			path = "Google Analytics/GoogleAnalyticsServicesiOS_3.12";
			sourceTree = "<group>";
		};
		02656A5C1B29E10000DFC51A /* GoogleAnalytics */ = {
			isa = PBXGroup;
			children = (
				02656A5D1B29E10000DFC51A /* Changelog.txt */,
				02656A881B29E10000DFC51A /* Library */,
				02656A931B29E10000DFC51A /* Readme.txt */,
			);
			path = GoogleAnalytics;
			sourceTree = "<group>";
		};
		02656A881B29E10000DFC51A /* Library */ = {
			isa = PBXGroup;
			children = (
				02656A891B29E10000DFC51A /* GAI.h */,
				02656A8A1B29E10000DFC51A /* GAIDictionaryBuilder.h */,
				02656A8B1B29E10000DFC51A /* GAIEcommerceFields.h */,
				02656A8C1B29E10000DFC51A /* GAIEcommerceProduct.h */,
				02656A8D1B29E10000DFC51A /* GAIEcommerceProductAction.h */,
				02656A8E1B29E10000DFC51A /* GAIEcommercePromotion.h */,
				02656A8F1B29E10000DFC51A /* GAIFields.h */,
				02656A901B29E10000DFC51A /* GAILogger.h */,
				02656A911B29E10000DFC51A /* GAITrackedViewController.h */,
				02656A921B29E10000DFC51A /* GAITracker.h */,
			);
			path = Library;
			sourceTree = "<group>";
		};
		02656A941B29E10000DFC51A /* GoogleTagManager */ = {
			isa = PBXGroup;
			children = (
				02656A951B29E10000DFC51A /* Changelog.txt */,
				02656ACE1B29E10000DFC51A /* Library */,
				02656AD41B29E10000DFC51A /* Readme.txt */,
			);
			path = GoogleTagManager;
			sourceTree = "<group>";
		};
		02656ACE1B29E10000DFC51A /* Library */ = {
			isa = PBXGroup;
			children = (
				02656ACF1B29E10000DFC51A /* TAGContainer.h */,
				02656AD01B29E10000DFC51A /* TAGContainerOpener.h */,
				02656AD11B29E10000DFC51A /* TAGDataLayer.h */,
				02656AD21B29E10000DFC51A /* TAGLogger.h */,
				02656AD31B29E10000DFC51A /* TAGManager.h */,
			);
			path = Library;
			sourceTree = "<group>";
		};
		02656B8E1B29E24700DFC51A /* Libraries */ = {
			isa = PBXGroup;
			children = (
				022F887F1BE98CF000A09DF4 /* Security.framework */,
				02656B8A1B29E1CB00DFC51A /* AdSupport.framework */,
				02656B8B1B29E1CB00DFC51A /* iAd.framework */,
				02656B881B29E15F00DFC51A /* libsqlite3.dylib */,
				02656B861B29E15100DFC51A /* libz.dylib */,
				02656B841B29E14000DFC51A /* SystemConfiguration.framework */,
				02656B821B29E12D00DFC51A /* CoreData.framework */,
				02293BDD1B249B9A00D77387 /* CoreLocation.framework */,
				02293BDB1B249B8700D77387 /* MapKit.framework */,
			);
			name = Libraries;
			sourceTree = "<group>";
		};
		02997CA21BBCB3F6004986D5 /* Flurry */ = {
			isa = PBXGroup;
			children = (
				02997CA31BBCB406004986D5 /* Flurry.h */,
				02997CA41BBCB406004986D5 /* FlurryWatch.h */,
				02997CA51BBCB406004986D5 /* libFlurry_7.2.0.a */,
			);
			name = Flurry;
			sourceTree = "<group>";
		};
		02A3B2911B1A35C300B99AAA /* Network */ = {
			isa = PBXGroup;
			children = (
				02A3B2921B1A36E900B99AAA /* BOHttpfetcher.swift */,
				0249CCE91B5C0AB4001C84BA /* BOHttpLogin.swift */,
				020EAFA81B61F2E8001C7974 /* BOHttpPost.swift */,
			);
			name = Network;
			sourceTree = "<group>";
		};
		02AA9A071AFD669D0090A88B /* DataModel */ = {
			isa = PBXGroup;
			children = (
				02AA9A081AFD67120090A88B /* Brand.swift */,
				02662BF31B03004F00093D7D /* Store.swift */,
				0264E0C51B3A4A610075F95C /* City.swift */,
				0249CCEB1B5DDC6D001C84BA /* Account.swift */,
				02CB3A741B6FD6D400561F53 /* Discount.swift */,
				02031EF51B7C42EA00F21F96 /* Category.swift */,
			);
			name = DataModel;
			sourceTree = "<group>";
		};
		02C99C1A1B8E68AD00F8DA23 /* Protocols */ = {
			isa = PBXGroup;
			children = (
				02C99C181B8E677C00F8DA23 /* BuPasswordDelegate.swift */,
				029CD9B61B976CC2007F3A21 /* BuBrandDelegate.swift */,
				02C99C1B1B8E6DC300F8DA23 /* BuPhoneDelegate.swift */,
				02C99C1D1B8E6F5900F8DA23 /* BuCityDelegate.swift */,
			);
			name = Protocols;
			sourceTree = "<group>";
		};
		02FB4DCB1AF7A47900884750 = {
			isa = PBXGroup;
			children = (
				02997CA21BBCB3F6004986D5 /* Flurry */,
				02031EF21B7C425000F21F96 /* Utilities */,
				024056921B51A1F000612263 /* GlobalConstants.swift */,
				02656B8F1B29E69800DFC51A /* Header.h */,
				02FB4DD61AF7A47900884750 /* BuyOriginal */,
				02656B8E1B29E24700DFC51A /* Libraries */,
				026569C21B29E0E100DFC51A /* GoogleAnalytics */,
				02FB4DEF1AF7A47900884750 /* BuyOriginalTests */,
				02FB4DD51AF7A47900884750 /* Products */,
			);
			sourceTree = "<group>";
		};
		02FB4DD51AF7A47900884750 /* Products */ = {
			isa = PBXGroup;
			children = (
				02FB4DD41AF7A47900884750 /* BuyOriginal.app */,
			);
			name = Products;
			sourceTree = "<group>";
		};
		02FB4DD61AF7A47900884750 /* BuyOriginal */ = {
			isa = PBXGroup;
			children = (
				020EAFB21B6582B9001C7974 /* Extensions */,
				02A3B2911B1A35C300B99AAA /* Network */,
				02C9BCFF1B042AF6000C6FA6 /* DataManager.swift */,
				0232F57A1B016E7B009274BA /* Parser */,
				02577EB81AFC5AD800F3521B /* SampleDataGenerator */,
				02AA9A071AFD669D0090A88B /* DataModel */,
				02577EB71AFAF82300F3521B /* ViewControllers */,
				02577EB21AFAC97C00F3521B /* Cells */,
				02FB4DD91AF7A47900884750 /* AppDelegate.swift */,
				02FB4DE01AF7A47900884750 /* Main.storyboard */,
				02FB4DE31AF7A47900884750 /* Images.xcassets */,
				02FB4DE51AF7A47900884750 /* LaunchScreen.xib */,
				02FB4DDB1AF7A47900884750 /* BuyOriginal.xcdatamodeld */,
				02FB4DD71AF7A47900884750 /* Supporting Files */,
			);
			path = BuyOriginal;
			sourceTree = "<group>";
		};
		02FB4DD71AF7A47900884750 /* Supporting Files */ = {
			isa = PBXGroup;
			children = (
				022E155F1BC7718100732ECA /* Default-568h@2x.png */,
				02FB4DD81AF7A47900884750 /* Info.plist */,
				02D4ADF21B0D3717006ED90F /* Icons.xcassets */,
				021DA5B71B1164810030815A /* brands.xcassets */,
				02656B921B2BDDC800DFC51A /* Backgrounds.xcassets */,
				02ED158B1B3514C300A08215 /* Cities.xcassets */,
				02ED15931B366C7000A08215 /* logos.plist */,
				02031EF01B7C3DC300F21F96 /* Icons.Categories.xcassets */,
				02039A831BADEA7500647FE7 /* Brands2.xcassets */,
				026B1EB51BCF4B5C004C11FC /* Brands3.xcassets */,
				02900A4C1BD8432300045037 /* Brand4.xcassets */,
				028154801BFA9D950008E0DB /* Brands5.xcassets */,
				025927871C3B473B00CEB1C4 /* Ads.xcassets */,
				027AFA4F1C48A4A30077E12C /* Brands6.xcassets */,
				024513CA1C4F293A0090BF4A /* Brands7.xcassets */,
			);
			name = "Supporting Files";
			sourceTree = "<group>";
		};
		02FB4DEF1AF7A47900884750 /* BuyOriginalTests */ = {
			isa = PBXGroup;
			children = (
				02FB4DF21AF7A47900884750 /* BuyOriginalTests.swift */,
				02FB4DF01AF7A47900884750 /* Supporting Files */,
			);
			path = BuyOriginalTests;
			sourceTree = "<group>";
		};
		02FB4DF01AF7A47900884750 /* Supporting Files */ = {
			isa = PBXGroup;
			children = (
				02FB4DF11AF7A47900884750 /* Info.plist */,
			);
			name = "Supporting Files";
			sourceTree = "<group>";
		};
/* End PBXGroup section */

/* Begin PBXNativeTarget section */
		02FB4DD31AF7A47900884750 /* BuyOriginal */ = {
			isa = PBXNativeTarget;
			buildConfigurationList = 02FB4DF61AF7A47900884750 /* Build configuration list for PBXNativeTarget "BuyOriginal" */;
			buildPhases = (
				02FB4DD01AF7A47900884750 /* Sources */,
				02FB4DD11AF7A47900884750 /* Frameworks */,
				02FB4DD21AF7A47900884750 /* Resources */,
			);
			buildRules = (
			);
			dependencies = (
			);
			name = BuyOriginal;
			productName = BuyOriginal;
			productReference = 02FB4DD41AF7A47900884750 /* BuyOriginal.app */;
			productType = "com.apple.product-type.application";
		};
/* End PBXNativeTarget section */

/* Begin PBXProject section */
		02FB4DCC1AF7A47900884750 /* Project object */ = {
			isa = PBXProject;
			attributes = {
				LastSwiftUpdateCheck = 0700;
				LastUpgradeCheck = 0700;
				ORGANIZATIONNAME = MandM;
				TargetAttributes = {
					02FB4DD31AF7A47900884750 = {
						CreatedOnToolsVersion = 6.2;
						DevelopmentTeam = Q79878SPU6;
					};
				};
			};
			buildConfigurationList = 02FB4DCF1AF7A47900884750 /* Build configuration list for PBXProject "BuyOriginal" */;
			compatibilityVersion = "Xcode 3.2";
			developmentRegion = English;
			hasScannedForEncodings = 0;
			knownRegions = (
				en,
				Base,
			);
			mainGroup = 02FB4DCB1AF7A47900884750;
			productRefGroup = 02FB4DD51AF7A47900884750 /* Products */;
			projectDirPath = "";
			projectRoot = "";
			targets = (
				02FB4DD31AF7A47900884750 /* BuyOriginal */,
			);
		};
/* End PBXProject section */

/* Begin PBXResourcesBuildPhase section */
		02FB4DD21AF7A47900884750 /* Resources */ = {
			isa = PBXResourcesBuildPhase;
			buildActionMask = 2147483647;
			files = (
				025927881C3B473B00CEB1C4 /* Ads.xcassets in Resources */,
				02FB4DE21AF7A47900884750 /* Main.storyboard in Resources */,
				02656B751B29E10000DFC51A /* Readme.txt in Resources */,
				02900A4D1BD8432300045037 /* Brand4.xcassets in Resources */,
				021DA5B81B1164810030815A /* brands.xcassets in Resources */,
				02656B931B2BDDC800DFC51A /* Backgrounds.xcassets in Resources */,
				022F88861BE9B51F00A09DF4 /* 026_static.json in Resources */,
				022F88821BE9A81900A09DF4 /* 031_static.json in Resources */,
				02656B281B29E10000DFC51A /* Changelog.txt in Resources */,
				02E442041B0F5FFA0097D2E6 /* 071_static.json in Resources */,
				02031EF11B7C3DC300F21F96 /* Icons.Categories.xcassets in Resources */,
				02E442061B0F62150097D2E6 /* 051_static.json in Resources */,
				026B1EB61BCF4B5C004C11FC /* Brands3.xcassets in Resources */,
				027AFA501C48A4A30077E12C /* Brands6.xcassets in Resources */,
				02ED158C1B3514C300A08215 /* Cities.xcassets in Resources */,
				024513CB1C4F293A0090BF4A /* Brands7.xcassets in Resources */,
				02A25F2A1BC2272000D94F38 /* Images.xcassets in Resources */,
				022E15601BC7718100732ECA /* Default-568h@2x.png in Resources */,
				02FB4DE71AF7A47900884750 /* LaunchScreen.xib in Resources */,
				02039A841BADEA7500647FE7 /* Brands2.xcassets in Resources */,
				022F88841BE9B4FE00A09DF4 /* 041_static.json in Resources */,
				028154811BFA9D950008E0DB /* Brands5.xcassets in Resources */,
				02D4ADF31B0D3717006ED90F /* Icons.xcassets in Resources */,
				022E155E1BC7524B00732ECA /* 076_static.json in Resources */,
				02ED15941B366C7000A08215 /* logos.plist in Resources */,
				02662BF21B02FF1B00093D7D /* 021_static.json in Resources */,
			);
			runOnlyForDeploymentPostprocessing = 0;
		};
/* End PBXResourcesBuildPhase section */

/* Begin PBXSourcesBuildPhase section */
		02FB4DD01AF7A47900884750 /* Sources */ = {
			isa = PBXSourcesBuildPhase;
			buildActionMask = 2147483647;
			files = (
				024056951B51A44200612263 /* LoginViewController.swift in Sources */,
				0240569D1B51A51F00612263 /* RegisterTermsViewController.swift in Sources */,
				02A3B2931B1A36E900B99AAA /* BOHttpfetcher.swift in Sources */,
				02CC33CC1B7D4F2900D1E198 /* CitiesTableViewController.swift in Sources */,
				024056931B51A1F000612263 /* GlobalConstants.swift in Sources */,
				02577EB11AFAC97400F3521B /* BOBrandTableViewCell.swift in Sources */,
				0249CCEC1B5DDC6D001C84BA /* Account.swift in Sources */,
				022A95D61B54C7E30091659B /* ChangePasswordViewController.swift in Sources */,
				02031EF81B7CD1A300F21F96 /* BOCategoriesTableViewCell.swift in Sources */,
				02C9BD001B042AF6000C6FA6 /* DataManager.swift in Sources */,
				022A95DD1B5715030091659B /* ForgetPasswordViewController.swift in Sources */,
				02FB4DDF1AF7A47900884750 /* BrandViewController.swift in Sources */,
				02293BDA1B23D15200D77387 /* LocationViewController.swift in Sources */,
				02C99C1E1B8E6F5900F8DA23 /* BuCityDelegate.swift in Sources */,
				02577EB61AFAF81700F3521B /* StoreViewController.swift in Sources */,
				02C9BD0A1B054C09000C6FA6 /* NearMeViewController.swift in Sources */,
				02C99C191B8E677C00F8DA23 /* BuPasswordDelegate.swift in Sources */,
				024056991B51A4E100612263 /* RegisterStoreViewController.swift in Sources */,
				02662BF41B03004F00093D7D /* Store.swift in Sources */,
				021DA5B31B0FD53E0030815A /* BONearmeTableViewCell.swift in Sources */,
				0232F57C1B016EA4009274BA /* ResponseParser.swift in Sources */,
				020EAFB81B6722D9001C7974 /* RegisterCinfirmationViewController.swift in Sources */,
				024056971B51A4C400612263 /* RegisterUserIdViewController.swift in Sources */,
				02577EB41AFAD06F00F3521B /* BOStoresTableViewCell.swift in Sources */,
				023EBF6F1B321292003E2997 /* BODistanceTableViewCell.swift in Sources */,
				0240569B1B51A50300612263 /* LocateStoreViewController.swift in Sources */,
				022A95D21B54BE8C0091659B /* BusProfileInputCell.swift in Sources */,
				022A95D41B54BF440091659B /* BussinssProfileController.swift in Sources */,
				02CB3A731B6E860700561F53 /* BOBusDisNotesTableViewCell.swift in Sources */,
				02C9BD0C1B054C3D000C6FA6 /* DealsViewController.swift in Sources */,
				0249CCEA1B5C0AB4001C84BA /* BOHttpLogin.swift in Sources */,
				02ED15921B351E9000A08215 /* BOCityTableViewCell.swift in Sources */,
				02445F911B4EB271006D5F13 /* BOBusDisActionTableViewCell.swift in Sources */,
				02EA3EEC1B4E143300ECE384 /* BOBusDisDateTableViewCell.swift in Sources */,
				0292219C1BA28471006CBC2B /* BOStoresDiscountNoteTableCell.swift in Sources */,
				02AA9A091AFD67120090A88B /* Brand.swift in Sources */,
				02ED15901B351E5B00A08215 /* CategoriesViewController.swift in Sources */,
				02EA3EEA1B4E13E000ECE384 /* BOBusDisPercentageTableViewCell.swift in Sources */,
				029CD9B71B976CC2007F3A21 /* BuBrandDelegate.swift in Sources */,
				0292219A1BA2651B006CBC2B /* SimulatorUtility.swift in Sources */,
				02031EF41B7C427A00F21F96 /* Utilities.swift in Sources */,
				022A95D01B54BD740091659B /* BusProfileReadOnlyCell.swift in Sources */,
				02CB3A751B6FD6D400561F53 /* Discount.swift in Sources */,
				02EA3EEE1B4E148900ECE384 /* DiscountViewController.swift in Sources */,
				02031EF61B7C42EA00F21F96 /* Category.swift in Sources */,
				021DA5B51B0FD5B00030815A /* BODealsTableViewCell.swift in Sources */,
				02CB3A711B6E70AE00561F53 /* NSDate+Persian.swift in Sources */,
				020EAFA91B61F2E8001C7974 /* BOHttpPost.swift in Sources */,
				0264E0C61B3A4A610075F95C /* City.swift in Sources */,
				02ED15961B36810300A08215 /* TabBarController.swift in Sources */,
				02FB4DDA1AF7A47900884750 /* AppDelegate.swift in Sources */,
				02FB4DDD1AF7A47900884750 /* BuyOriginal.xcdatamodeld in Sources */,
				02C99C1C1B8E6DC300F8DA23 /* BuPhoneDelegate.swift in Sources */,
				022A95CE1B5472040091659B /* RegisterBusinessPhoneController.swift in Sources */,
			);
			runOnlyForDeploymentPostprocessing = 0;
		};
/* End PBXSourcesBuildPhase section */

/* Begin PBXVariantGroup section */
		02FB4DE01AF7A47900884750 /* Main.storyboard */ = {
			isa = PBXVariantGroup;
			children = (
				02FB4DE11AF7A47900884750 /* Base */,
			);
			name = Main.storyboard;
			sourceTree = "<group>";
		};
		02FB4DE51AF7A47900884750 /* LaunchScreen.xib */ = {
			isa = PBXVariantGroup;
			children = (
				02FB4DE61AF7A47900884750 /* Base */,
			);
			name = LaunchScreen.xib;
			sourceTree = "<group>";
		};
/* End PBXVariantGroup section */

/* Begin XCBuildConfiguration section */
		02FB4DF41AF7A47900884750 /* Debug */ = {
			isa = XCBuildConfiguration;
			buildSettings = {
				ALWAYS_SEARCH_USER_PATHS = NO;
				CLANG_CXX_LANGUAGE_STANDARD = "gnu++0x";
				CLANG_CXX_LIBRARY = "libc++";
				CLANG_ENABLE_MODULES = YES;
				CLANG_ENABLE_OBJC_ARC = YES;
				CLANG_WARN_BOOL_CONVERSION = YES;
				CLANG_WARN_CONSTANT_CONVERSION = YES;
				CLANG_WARN_DIRECT_OBJC_ISA_USAGE = YES_ERROR;
				CLANG_WARN_EMPTY_BODY = YES;
				CLANG_WARN_ENUM_CONVERSION = YES;
				CLANG_WARN_INT_CONVERSION = YES;
				CLANG_WARN_OBJC_ROOT_CLASS = YES_ERROR;
				CLANG_WARN_UNREACHABLE_CODE = YES;
				CLANG_WARN__DUPLICATE_METHOD_MATCH = YES;
				"CODE_SIGN_IDENTITY[sdk=iphoneos*]" = "iPhone Developer";
				COPY_PHASE_STRIP = NO;
				ENABLE_STRICT_OBJC_MSGSEND = YES;
				ENABLE_TESTABILITY = YES;
				GCC_C_LANGUAGE_STANDARD = gnu99;
				GCC_DYNAMIC_NO_PIC = NO;
				GCC_OPTIMIZATION_LEVEL = 0;
				GCC_PREPROCESSOR_DEFINITIONS = (
					"DEBUG=1",
					"$(inherited)",
				);
				GCC_SYMBOLS_PRIVATE_EXTERN = NO;
				GCC_WARN_64_TO_32_BIT_CONVERSION = YES;
				GCC_WARN_ABOUT_RETURN_TYPE = YES_ERROR;
				GCC_WARN_UNDECLARED_SELECTOR = YES;
				GCC_WARN_UNINITIALIZED_AUTOS = YES_AGGRESSIVE;
				GCC_WARN_UNUSED_FUNCTION = YES;
				GCC_WARN_UNUSED_VARIABLE = YES;
				IPHONEOS_DEPLOYMENT_TARGET = 7.0;
				MTL_ENABLE_DEBUG_INFO = YES;
				ONLY_ACTIVE_ARCH = YES;
				SDKROOT = iphoneos;
				SWIFT_OPTIMIZATION_LEVEL = "-Onone";
				TARGETED_DEVICE_FAMILY = "1,2";
			};
			name = Debug;
		};
		02FB4DF51AF7A47900884750 /* Release */ = {
			isa = XCBuildConfiguration;
			buildSettings = {
				ALWAYS_SEARCH_USER_PATHS = NO;
				CLANG_CXX_LANGUAGE_STANDARD = "gnu++0x";
				CLANG_CXX_LIBRARY = "libc++";
				CLANG_ENABLE_MODULES = YES;
				CLANG_ENABLE_OBJC_ARC = YES;
				CLANG_WARN_BOOL_CONVERSION = YES;
				CLANG_WARN_CONSTANT_CONVERSION = YES;
				CLANG_WARN_DIRECT_OBJC_ISA_USAGE = YES_ERROR;
				CLANG_WARN_EMPTY_BODY = YES;
				CLANG_WARN_ENUM_CONVERSION = YES;
				CLANG_WARN_INT_CONVERSION = YES;
				CLANG_WARN_OBJC_ROOT_CLASS = YES_ERROR;
				CLANG_WARN_UNREACHABLE_CODE = YES;
				CLANG_WARN__DUPLICATE_METHOD_MATCH = YES;
				"CODE_SIGN_IDENTITY[sdk=iphoneos*]" = "iPhone Developer";
				COPY_PHASE_STRIP = NO;
				ENABLE_NS_ASSERTIONS = NO;
				ENABLE_STRICT_OBJC_MSGSEND = YES;
				GCC_C_LANGUAGE_STANDARD = gnu99;
				GCC_WARN_64_TO_32_BIT_CONVERSION = YES;
				GCC_WARN_ABOUT_RETURN_TYPE = YES_ERROR;
				GCC_WARN_UNDECLARED_SELECTOR = YES;
				GCC_WARN_UNINITIALIZED_AUTOS = YES_AGGRESSIVE;
				GCC_WARN_UNUSED_FUNCTION = YES;
				GCC_WARN_UNUSED_VARIABLE = YES;
				IPHONEOS_DEPLOYMENT_TARGET = 7.0;
				MTL_ENABLE_DEBUG_INFO = NO;
				SDKROOT = iphoneos;
				TARGETED_DEVICE_FAMILY = "1,2";
				VALIDATE_PRODUCT = YES;
			};
			name = Release;
		};
		02FB4DF71AF7A47900884750 /* Debug */ = {
			isa = XCBuildConfiguration;
			buildSettings = {
				ASSETCATALOG_COMPILER_APPICON_NAME = AppIcon;
				ASSETCATALOG_COMPILER_LAUNCHIMAGE_NAME = LaunchImage;
				CODE_SIGN_IDENTITY = "iPhone Developer: Mehran Najafi (5C9NDSKQG2)";
				"CODE_SIGN_IDENTITY[sdk=iphoneos*]" = "iPhone Developer: Mehran Najafi (5C9NDSKQG2)";
				ENABLE_BITCODE = NO;
				INFOPLIST_FILE = BuyOriginal/Info.plist;
				IPHONEOS_DEPLOYMENT_TARGET = 7.0;
				LD_RUNPATH_SEARCH_PATHS = "$(inherited) @executable_path/Frameworks";
				LIBRARY_SEARCH_PATHS = (
					"$(PROJECT_DIR)/**",
					"$(PROJECT_DIR)",
				);
				PRODUCT_BUNDLE_IDENTIFIER = ca.ron.buyoriginal;
				PRODUCT_NAME = "$(TARGET_NAME)";
				PROVISIONING_PROFILE = "ebd52df5-0bc9-489c-8d4c-6ed8bf03942a";
				SWIFT_OBJC_BRIDGING_HEADER = Header.h;
				TARGETED_DEVICE_FAMILY = 1;
			};
			name = Debug;
		};
		02FB4DF81AF7A47900884750 /* Release */ = {
			isa = XCBuildConfiguration;
			buildSettings = {
				ASSETCATALOG_COMPILER_APPICON_NAME = AppIcon;
				ASSETCATALOG_COMPILER_LAUNCHIMAGE_NAME = LaunchImage;
				CODE_SIGN_IDENTITY = "iPhone Distribution: Mehran Najafi (Q79878SPU6)";
				"CODE_SIGN_IDENTITY[sdk=iphoneos*]" = "iPhone Distribution: Mehran Najafi (Q79878SPU6)";
				ENABLE_BITCODE = NO;
				INFOPLIST_FILE = BuyOriginal/Info.plist;
				IPHONEOS_DEPLOYMENT_TARGET = 7.0;
				LD_RUNPATH_SEARCH_PATHS = "$(inherited) @executable_path/Frameworks";
				LIBRARY_SEARCH_PATHS = (
					"$(PROJECT_DIR)/**",
					"$(PROJECT_DIR)",
				);
				PRODUCT_BUNDLE_IDENTIFIER = ca.ron.buyoriginal;
				PRODUCT_NAME = "$(TARGET_NAME)";
				PROVISIONING_PROFILE = "00e0c318-541c-4dab-8572-068c0e2ae00b";
				SWIFT_OBJC_BRIDGING_HEADER = Header.h;
				TARGETED_DEVICE_FAMILY = 1;
			};
			name = Release;
		};
/* End XCBuildConfiguration section */

/* Begin XCConfigurationList section */
		02FB4DCF1AF7A47900884750 /* Build configuration list for PBXProject "BuyOriginal" */ = {
			isa = XCConfigurationList;
			buildConfigurations = (
				02FB4DF41AF7A47900884750 /* Debug */,
				02FB4DF51AF7A47900884750 /* Release */,
			);
			defaultConfigurationIsVisible = 0;
			defaultConfigurationName = Release;
		};
		02FB4DF61AF7A47900884750 /* Build configuration list for PBXNativeTarget "BuyOriginal" */ = {
			isa = XCConfigurationList;
			buildConfigurations = (
				02FB4DF71AF7A47900884750 /* Debug */,
				02FB4DF81AF7A47900884750 /* Release */,
			);
			defaultConfigurationIsVisible = 0;
			defaultConfigurationName = Release;
		};
/* End XCConfigurationList section */

/* Begin XCVersionGroup section */
		02FB4DDB1AF7A47900884750 /* BuyOriginal.xcdatamodeld */ = {
			isa = XCVersionGroup;
			children = (
				02FB4DDC1AF7A47900884750 /* BuyOriginal.xcdatamodel */,
			);
			currentVersion = 02FB4DDC1AF7A47900884750 /* BuyOriginal.xcdatamodel */;
			path = BuyOriginal.xcdatamodeld;
			sourceTree = "<group>";
			versionGroupType = wrapper.xcdatamodel;
		};
/* End XCVersionGroup section */
	};
	rootObject = 02FB4DCC1AF7A47900884750 /* Project object */;
}
